// !$*UTF8*$!
{
	archiveVersion = 1;
	classes = {
	};
	objectVersion = 51;
	objects = {

/* Begin PBXBuildFile section */
		015564E428E1A78E008AB06C /* TimeTrackerTaskCollectionViewCell.m in Sources */ = {isa = PBXBuildFile; fileRef = 015564E328E1A78E008AB06C /* TimeTrackerTaskCollectionViewCell.m */; };
		4A099FAA29DCFE54002683A1 /* MirrorTaskModel.m in Sources */ = {isa = PBXBuildFile; fileRef = 4A099FA929DCFE54002683A1 /* MirrorTaskModel.m */; };
		4A099FAE29DD57AE002683A1 /* MirrorTool.m in Sources */ = {isa = PBXBuildFile; fileRef = 4A099FAD29DD57AE002683A1 /* MirrorTool.m */; };
		4A0D40FC29EFE6BD00F13EAE /* HistoryViewController.m in Sources */ = {isa = PBXBuildFile; fileRef = 4A0D40FB29EFE6BD00F13EAE /* HistoryViewController.m */; };
		4A0D40FF29F1269700F13EAE /* SpanHistogram.m in Sources */ = {isa = PBXBuildFile; fileRef = 4A0D40FE29F1269600F13EAE /* SpanHistogram.m */; };
		4A0D410229F13C5300F13EAE /* SpanLegend.m in Sources */ = {isa = PBXBuildFile; fileRef = 4A0D410129F13C5300F13EAE /* SpanLegend.m */; };
		4A32A3FE29F7782200DCCF57 /* MirrorTimeText.m in Sources */ = {isa = PBXBuildFile; fileRef = 4A32A3FD29F7782200DCCF57 /* MirrorTimeText.m */; };
		4A32A40229F8C93500DCCF57 /* EditTasksViewController.m in Sources */ = {isa = PBXBuildFile; fileRef = 4A32A40129F8C93500DCCF57 /* EditTasksViewController.m */; };
		4A32A40529F8CAC500DCCF57 /* EditTaskCollectionViewCell.m in Sources */ = {isa = PBXBuildFile; fileRef = 4A32A40429F8CAC500DCCF57 /* EditTaskCollectionViewCell.m */; };
		4A37369429E2AEE900187280 /* PiechartView.m in Sources */ = {isa = PBXBuildFile; fileRef = 4A37369329E2AEE900187280 /* PiechartView.m */; };
		4A37369729E2BD3C00187280 /* SliceLayer.m in Sources */ = {isa = PBXBuildFile; fileRef = 4A37369629E2BD3C00187280 /* SliceLayer.m */; };
		4A37369A29E3AD8700187280 /* MirrorSettings.m in Sources */ = {isa = PBXBuildFile; fileRef = 4A37369929E3AD8700187280 /* MirrorSettings.m */; };
		4A379B4128E0381A00785CAE /* UIColor+MirrorColor.m in Sources */ = {isa = PBXBuildFile; fileRef = 4A379B4028E0381A00785CAE /* UIColor+MirrorColor.m */; };
		4A379B4428E03D0B00785CAE /* MirrorTabsManager.m in Sources */ = {isa = PBXBuildFile; fileRef = 4A379B4328E03D0B00785CAE /* MirrorTabsManager.m */; };
		4A379B4728E2F33C00785CAE /* MirrorLanguage.m in Sources */ = {isa = PBXBuildFile; fileRef = 4A379B4628E2F33B00785CAE /* MirrorLanguage.m */; };
		4A379B5428E31BD200785CAE /* MirrorMacro.m in Sources */ = {isa = PBXBuildFile; fileRef = 4A379B5328E31BD200785CAE /* MirrorMacro.m */; };
		4A379B5728E42AC200785CAE /* TimeTrackerAddTaskCollectionViewCell.m in Sources */ = {isa = PBXBuildFile; fileRef = 4A379B5628E42AC200785CAE /* TimeTrackerAddTaskCollectionViewCell.m */; };
		4A3DC92C29FCE3D200679C11 /* MirrorNaviManager.m in Sources */ = {isa = PBXBuildFile; fileRef = 4A3DC92B29FCE3D200679C11 /* MirrorNaviManager.m */; };
		4A3DC9302A0106F700679C11 /* GridViewController.m in Sources */ = {isa = PBXBuildFile; fileRef = 4A3DC92F2A0106F600679C11 /* GridViewController.m */; };
		4A3DC9332A0109DA00679C11 /* GridCollectionViewCell.m in Sources */ = {isa = PBXBuildFile; fileRef = 4A3DC9322A0109DA00679C11 /* GridCollectionViewCell.m */; };
		4A406C112906FC00001E83A1 /* ToggleCollectionViewCell.m in Sources */ = {isa = PBXBuildFile; fileRef = 4A406C102906FC00001E83A1 /* ToggleCollectionViewCell.m */; };
		4A406C1A29071939001E83A1 /* MirrorStorage.m in Sources */ = {isa = PBXBuildFile; fileRef = 4A406C1929071939001E83A1 /* MirrorStorage.m */; };
		4A410A2829EA51750007003B /* LegendCollectionViewCell.m in Sources */ = {isa = PBXBuildFile; fileRef = 4A410A2729EA51750007003B /* LegendCollectionViewCell.m */; };
		4A410A3129EA68870007003B /* TaskRecordsViewController.m in Sources */ = {isa = PBXBuildFile; fileRef = 4A410A3029EA68870007003B /* TaskRecordsViewController.m */; };
		4A410A3429EA6BB60007003B /* TaskPeriodCollectionViewCell.m in Sources */ = {isa = PBXBuildFile; fileRef = 4A410A3329EA6BB60007003B /* TaskPeriodCollectionViewCell.m */; };
		4A6848C22A21FEB200C8D439 /* HiddenViewController.m in Sources */ = {isa = PBXBuildFile; fileRef = 4A6848C12A21FEB200C8D439 /* HiddenViewController.m */; };
		4A6848C52A22003200C8D439 /* HiddenAnimation.m in Sources */ = {isa = PBXBuildFile; fileRef = 4A6848C42A22003200C8D439 /* HiddenAnimation.m */; };
		4A6848C82A22249A00C8D439 /* HiddenCollectionViewCell.m in Sources */ = {isa = PBXBuildFile; fileRef = 4A6848C72A22249A00C8D439 /* HiddenCollectionViewCell.m */; };
		4A7CCD2629DBC7CF00879D9C /* TodayViewController.m in Sources */ = {isa = PBXBuildFile; fileRef = 4A7CCD2529DBC7CF00879D9C /* TodayViewController.m */; };
		4A88211629F26104009E422C /* TodayPeriodCollectionViewCell.m in Sources */ = {isa = PBXBuildFile; fileRef = 4A88211529F26104009E422C /* TodayPeriodCollectionViewCell.m */; };
		4A88211929F2A2B8009E422C /* TodayTotalHeader.m in Sources */ = {isa = PBXBuildFile; fileRef = 4A88211829F2A2B8009E422C /* TodayTotalHeader.m */; };
		4A88211C29F4A08D009E422C /* TaskTotalHeader.m in Sources */ = {isa = PBXBuildFile; fileRef = 4A88211B29F4A08D009E422C /* TaskTotalHeader.m */; };
		4A88212929F6035E009E422C /* CellAnimation.m in Sources */ = {isa = PBXBuildFile; fileRef = 4A88212829F6035E009E422C /* CellAnimation.m */; };
		4A88212C29F6066A009E422C /* TimeEditingViewController.m in Sources */ = {isa = PBXBuildFile; fileRef = 4A88212B29F6066A009E422C /* TimeEditingViewController.m */; };
		4A88212F29F671F7009E422C /* TimeTrackingViewController.m in Sources */ = {isa = PBXBuildFile; fileRef = 4A88212E29F671F7009E422C /* TimeTrackingViewController.m */; };
		4AA3532F2A25CF8300920404 /* PiechartDataCollectionViewCell.m in Sources */ = {isa = PBXBuildFile; fileRef = 4AA3532E2A25CF8300920404 /* PiechartDataCollectionViewCell.m */; };
		4AA353322A25CF9B00920404 /* PiechartRecordCollectionViewCell.m in Sources */ = {isa = PBXBuildFile; fileRef = 4AA353312A25CF9B00920404 /* PiechartRecordCollectionViewCell.m */; };
		4AA353352A25D59400920404 /* HeatmapCollectionViewCell.m in Sources */ = {isa = PBXBuildFile; fileRef = 4AA353342A25D59400920404 /* HeatmapCollectionViewCell.m */; };
		4AA353382A25D9BB00920404 /* ExportImportCollectionViewCell.m in Sources */ = {isa = PBXBuildFile; fileRef = 4AA353372A25D9BB00920404 /* ExportImportCollectionViewCell.m */; };
		4AA3533B2A25DBDA00920404 /* ReportBugCollectionViewCell.m in Sources */ = {isa = PBXBuildFile; fileRef = 4AA3533A2A25DBDA00920404 /* ReportBugCollectionViewCell.m */; };
		4AA353412A25E3FA00920404 /* HintHeader.m in Sources */ = {isa = PBXBuildFile; fileRef = 4AA353402A25E3FA00920404 /* HintHeader.m */; };
		4AB9C8BA29E911C8002358E2 /* HistogramCollectionViewCell.m in Sources */ = {isa = PBXBuildFile; fileRef = 4AB9C8B929E911C8002358E2 /* HistogramCollectionViewCell.m */; };
		4AC1FDBD2A0384A600CDCED9 /* MirrorRecordModel.m in Sources */ = {isa = PBXBuildFile; fileRef = 4AC1FDBC2A0384A600CDCED9 /* MirrorRecordModel.m */; };
		4AC1FDC02A03B05100CDCED9 /* MirrorDataModel.m in Sources */ = {isa = PBXBuildFile; fileRef = 4AC1FDBF2A03B05100CDCED9 /* MirrorDataModel.m */; };
		4AC1FDC42A04122400CDCED9 /* AllRecordsViewController.m in Sources */ = {isa = PBXBuildFile; fileRef = 4AC1FDC32A04122400CDCED9 /* AllRecordsViewController.m */; };
		4AC1FDC72A0418F000CDCED9 /* ShowIndexCollectionViewCell.m in Sources */ = {isa = PBXBuildFile; fileRef = 4AC1FDC62A0418F000CDCED9 /* ShowIndexCollectionViewCell.m */; };
		4ACB422E29EEA411005EECC4 /* LeftAnimation.m in Sources */ = {isa = PBXBuildFile; fileRef = 4ACB422D29EEA411005EECC4 /* LeftAnimation.m */; };
		4ADDC5B728E476A8006F02DE /* LanguageCollectionViewCell.m in Sources */ = {isa = PBXBuildFile; fileRef = 4ADDC5B628E476A8006F02DE /* LanguageCollectionViewCell.m */; };
		4ADDC5BD28E6DF8B006F02DE /* ColorCollectionViewCell.m in Sources */ = {isa = PBXBuildFile; fileRef = 4ADDC5BC28E6DF8B006F02DE /* ColorCollectionViewCell.m */; };
		4ADDC5C828E73935006F02DE /* AddTaskViewController.m in Sources */ = {isa = PBXBuildFile; fileRef = 4ADDC5C728E73935006F02DE /* AddTaskViewController.m */; };
		4AE4171928DF613D008A6A18 /* TimeViewController.m in Sources */ = {isa = PBXBuildFile; fileRef = 4AE4171828DF613D008A6A18 /* TimeViewController.m */; };
		4AE4171F28DF6155008A6A18 /* SettingsViewController.m in Sources */ = {isa = PBXBuildFile; fileRef = 4AE4171E28DF6155008A6A18 /* SettingsViewController.m */; };
		4AE5E8922A0253DA004228C1 /* SplitLineView.m in Sources */ = {isa = PBXBuildFile; fileRef = 4AE5E8912A0253DA004228C1 /* SplitLineView.m */; };
		4AE5E8952A02644E004228C1 /* HeartFooter.m in Sources */ = {isa = PBXBuildFile; fileRef = 4AE5E8942A02644E004228C1 /* HeartFooter.m */; };
		4AFA3B7729E4EF2A004D5BE4 /* WeekStartsOnCollectionViewCell.m in Sources */ = {isa = PBXBuildFile; fileRef = 4AFA3B7629E4EF2A004D5BE4 /* WeekStartsOnCollectionViewCell.m */; };
		4AFB77A228DF4A380064CBCA /* AppDelegate.m in Sources */ = {isa = PBXBuildFile; fileRef = 4AFB77A128DF4A380064CBCA /* AppDelegate.m */; };
		4AFB77A528DF4A380064CBCA /* SceneDelegate.m in Sources */ = {isa = PBXBuildFile; fileRef = 4AFB77A428DF4A380064CBCA /* SceneDelegate.m */; };
		4AFB77AD28DF4A3B0064CBCA /* Assets.xcassets in Resources */ = {isa = PBXBuildFile; fileRef = 4AFB77AC28DF4A3B0064CBCA /* Assets.xcassets */; };
		4AFB77B328DF4A3B0064CBCA /* main.m in Sources */ = {isa = PBXBuildFile; fileRef = 4AFB77B228DF4A3B0064CBCA /* main.m */; };
		863C4586B60A413E3A3FA00B /* Pods_Mirror.framework in Frameworks */ = {isa = PBXBuildFile; fileRef = 7D92DFFBA0C7141AB1910C6F /* Pods_Mirror.framework */; };
/* End PBXBuildFile section */

/* Begin PBXFileReference section */
		015564E228E1A78E008AB06C /* TimeTrackerTaskCollectionViewCell.h */ = {isa = PBXFileReference; lastKnownFileType = sourcecode.c.h; path = TimeTrackerTaskCollectionViewCell.h; sourceTree = "<group>"; };
		015564E328E1A78E008AB06C /* TimeTrackerTaskCollectionViewCell.m */ = {isa = PBXFileReference; lastKnownFileType = sourcecode.c.objc; path = TimeTrackerTaskCollectionViewCell.m; sourceTree = "<group>"; };
		4A099FA829DCFE54002683A1 /* MirrorTaskModel.h */ = {isa = PBXFileReference; lastKnownFileType = sourcecode.c.h; path = MirrorTaskModel.h; sourceTree = "<group>"; };
		4A099FA929DCFE54002683A1 /* MirrorTaskModel.m */ = {isa = PBXFileReference; lastKnownFileType = sourcecode.c.objc; path = MirrorTaskModel.m; sourceTree = "<group>"; };
		4A099FAC29DD57AE002683A1 /* MirrorTool.h */ = {isa = PBXFileReference; lastKnownFileType = sourcecode.c.h; path = MirrorTool.h; sourceTree = "<group>"; };
		4A099FAD29DD57AE002683A1 /* MirrorTool.m */ = {isa = PBXFileReference; lastKnownFileType = sourcecode.c.objc; path = MirrorTool.m; sourceTree = "<group>"; };
		4A0D40FA29EFE6BD00F13EAE /* HistoryViewController.h */ = {isa = PBXFileReference; lastKnownFileType = sourcecode.c.h; path = HistoryViewController.h; sourceTree = "<group>"; };
		4A0D40FB29EFE6BD00F13EAE /* HistoryViewController.m */ = {isa = PBXFileReference; lastKnownFileType = sourcecode.c.objc; path = HistoryViewController.m; sourceTree = "<group>"; };
		4A0D40FD29F1269600F13EAE /* SpanHistogram.h */ = {isa = PBXFileReference; lastKnownFileType = sourcecode.c.h; path = SpanHistogram.h; sourceTree = "<group>"; };
		4A0D40FE29F1269600F13EAE /* SpanHistogram.m */ = {isa = PBXFileReference; lastKnownFileType = sourcecode.c.objc; path = SpanHistogram.m; sourceTree = "<group>"; };
		4A0D410029F13C5300F13EAE /* SpanLegend.h */ = {isa = PBXFileReference; lastKnownFileType = sourcecode.c.h; path = SpanLegend.h; sourceTree = "<group>"; };
		4A0D410129F13C5300F13EAE /* SpanLegend.m */ = {isa = PBXFileReference; lastKnownFileType = sourcecode.c.objc; path = SpanLegend.m; sourceTree = "<group>"; };
		4A32A3FC29F7782200DCCF57 /* MirrorTimeText.h */ = {isa = PBXFileReference; lastKnownFileType = sourcecode.c.h; path = MirrorTimeText.h; sourceTree = "<group>"; };
		4A32A3FD29F7782200DCCF57 /* MirrorTimeText.m */ = {isa = PBXFileReference; lastKnownFileType = sourcecode.c.objc; path = MirrorTimeText.m; sourceTree = "<group>"; };
		4A32A40029F8C93500DCCF57 /* EditTasksViewController.h */ = {isa = PBXFileReference; lastKnownFileType = sourcecode.c.h; path = EditTasksViewController.h; sourceTree = "<group>"; };
		4A32A40129F8C93500DCCF57 /* EditTasksViewController.m */ = {isa = PBXFileReference; lastKnownFileType = sourcecode.c.objc; path = EditTasksViewController.m; sourceTree = "<group>"; };
		4A32A40329F8CAC500DCCF57 /* EditTaskCollectionViewCell.h */ = {isa = PBXFileReference; lastKnownFileType = sourcecode.c.h; path = EditTaskCollectionViewCell.h; sourceTree = "<group>"; };
		4A32A40429F8CAC500DCCF57 /* EditTaskCollectionViewCell.m */ = {isa = PBXFileReference; lastKnownFileType = sourcecode.c.objc; path = EditTaskCollectionViewCell.m; sourceTree = "<group>"; };
		4A37369229E2AEE900187280 /* PiechartView.h */ = {isa = PBXFileReference; lastKnownFileType = sourcecode.c.h; path = PiechartView.h; sourceTree = "<group>"; };
		4A37369329E2AEE900187280 /* PiechartView.m */ = {isa = PBXFileReference; lastKnownFileType = sourcecode.c.objc; path = PiechartView.m; sourceTree = "<group>"; };
		4A37369529E2BD3C00187280 /* SliceLayer.h */ = {isa = PBXFileReference; lastKnownFileType = sourcecode.c.h; path = SliceLayer.h; sourceTree = "<group>"; };
		4A37369629E2BD3C00187280 /* SliceLayer.m */ = {isa = PBXFileReference; lastKnownFileType = sourcecode.c.objc; path = SliceLayer.m; sourceTree = "<group>"; };
		4A37369829E3AD8700187280 /* MirrorSettings.h */ = {isa = PBXFileReference; lastKnownFileType = sourcecode.c.h; path = MirrorSettings.h; sourceTree = "<group>"; };
		4A37369929E3AD8700187280 /* MirrorSettings.m */ = {isa = PBXFileReference; lastKnownFileType = sourcecode.c.objc; path = MirrorSettings.m; sourceTree = "<group>"; };
		4A379B3F28E0381A00785CAE /* UIColor+MirrorColor.h */ = {isa = PBXFileReference; lastKnownFileType = sourcecode.c.h; path = "UIColor+MirrorColor.h"; sourceTree = "<group>"; };
		4A379B4028E0381A00785CAE /* UIColor+MirrorColor.m */ = {isa = PBXFileReference; lastKnownFileType = sourcecode.c.objc; path = "UIColor+MirrorColor.m"; sourceTree = "<group>"; };
		4A379B4228E03D0B00785CAE /* MirrorTabsManager.h */ = {isa = PBXFileReference; lastKnownFileType = sourcecode.c.h; path = MirrorTabsManager.h; sourceTree = "<group>"; };
		4A379B4328E03D0B00785CAE /* MirrorTabsManager.m */ = {isa = PBXFileReference; lastKnownFileType = sourcecode.c.objc; path = MirrorTabsManager.m; sourceTree = "<group>"; };
		4A379B4528E2F33B00785CAE /* MirrorLanguage.h */ = {isa = PBXFileReference; lastKnownFileType = sourcecode.c.h; path = MirrorLanguage.h; sourceTree = "<group>"; };
		4A379B4628E2F33B00785CAE /* MirrorLanguage.m */ = {isa = PBXFileReference; lastKnownFileType = sourcecode.c.objc; path = MirrorLanguage.m; sourceTree = "<group>"; };
		4A379B5228E31BD200785CAE /* MirrorMacro.h */ = {isa = PBXFileReference; lastKnownFileType = sourcecode.c.h; path = MirrorMacro.h; sourceTree = "<group>"; };
		4A379B5328E31BD200785CAE /* MirrorMacro.m */ = {isa = PBXFileReference; lastKnownFileType = sourcecode.c.objc; path = MirrorMacro.m; sourceTree = "<group>"; };
		4A379B5528E42AC200785CAE /* TimeTrackerAddTaskCollectionViewCell.h */ = {isa = PBXFileReference; lastKnownFileType = sourcecode.c.h; path = TimeTrackerAddTaskCollectionViewCell.h; sourceTree = "<group>"; };
		4A379B5628E42AC200785CAE /* TimeTrackerAddTaskCollectionViewCell.m */ = {isa = PBXFileReference; lastKnownFileType = sourcecode.c.objc; path = TimeTrackerAddTaskCollectionViewCell.m; sourceTree = "<group>"; };
		4A3DC92A29FCE3D200679C11 /* MirrorNaviManager.h */ = {isa = PBXFileReference; lastKnownFileType = sourcecode.c.h; path = MirrorNaviManager.h; sourceTree = "<group>"; };
		4A3DC92B29FCE3D200679C11 /* MirrorNaviManager.m */ = {isa = PBXFileReference; lastKnownFileType = sourcecode.c.objc; path = MirrorNaviManager.m; sourceTree = "<group>"; };
		4A3DC92E2A0106F600679C11 /* GridViewController.h */ = {isa = PBXFileReference; lastKnownFileType = sourcecode.c.h; path = GridViewController.h; sourceTree = "<group>"; };
		4A3DC92F2A0106F600679C11 /* GridViewController.m */ = {isa = PBXFileReference; lastKnownFileType = sourcecode.c.objc; path = GridViewController.m; sourceTree = "<group>"; };
		4A3DC9312A0109DA00679C11 /* GridCollectionViewCell.h */ = {isa = PBXFileReference; lastKnownFileType = sourcecode.c.h; path = GridCollectionViewCell.h; sourceTree = "<group>"; };
		4A3DC9322A0109DA00679C11 /* GridCollectionViewCell.m */ = {isa = PBXFileReference; lastKnownFileType = sourcecode.c.objc; path = GridCollectionViewCell.m; sourceTree = "<group>"; };
		4A406C0F2906FC00001E83A1 /* ToggleCollectionViewCell.h */ = {isa = PBXFileReference; lastKnownFileType = sourcecode.c.h; path = ToggleCollectionViewCell.h; sourceTree = "<group>"; };
		4A406C102906FC00001E83A1 /* ToggleCollectionViewCell.m */ = {isa = PBXFileReference; lastKnownFileType = sourcecode.c.objc; path = ToggleCollectionViewCell.m; sourceTree = "<group>"; };
		4A406C1829071939001E83A1 /* MirrorStorage.h */ = {isa = PBXFileReference; lastKnownFileType = sourcecode.c.h; path = MirrorStorage.h; sourceTree = "<group>"; };
		4A406C1929071939001E83A1 /* MirrorStorage.m */ = {isa = PBXFileReference; lastKnownFileType = sourcecode.c.objc; path = MirrorStorage.m; sourceTree = "<group>"; };
		4A410A2629EA51750007003B /* LegendCollectionViewCell.h */ = {isa = PBXFileReference; lastKnownFileType = sourcecode.c.h; path = LegendCollectionViewCell.h; sourceTree = "<group>"; };
		4A410A2729EA51750007003B /* LegendCollectionViewCell.m */ = {isa = PBXFileReference; lastKnownFileType = sourcecode.c.objc; path = LegendCollectionViewCell.m; sourceTree = "<group>"; };
		4A410A2F29EA68870007003B /* TaskRecordsViewController.h */ = {isa = PBXFileReference; lastKnownFileType = sourcecode.c.h; path = TaskRecordsViewController.h; sourceTree = "<group>"; };
		4A410A3029EA68870007003B /* TaskRecordsViewController.m */ = {isa = PBXFileReference; lastKnownFileType = sourcecode.c.objc; path = TaskRecordsViewController.m; sourceTree = "<group>"; };
		4A410A3229EA6BB60007003B /* TaskPeriodCollectionViewCell.h */ = {isa = PBXFileReference; lastKnownFileType = sourcecode.c.h; path = TaskPeriodCollectionViewCell.h; sourceTree = "<group>"; };
		4A410A3329EA6BB60007003B /* TaskPeriodCollectionViewCell.m */ = {isa = PBXFileReference; lastKnownFileType = sourcecode.c.objc; path = TaskPeriodCollectionViewCell.m; sourceTree = "<group>"; };
		4A6848C02A21FEB200C8D439 /* HiddenViewController.h */ = {isa = PBXFileReference; lastKnownFileType = sourcecode.c.h; path = HiddenViewController.h; sourceTree = "<group>"; };
		4A6848C12A21FEB200C8D439 /* HiddenViewController.m */ = {isa = PBXFileReference; lastKnownFileType = sourcecode.c.objc; path = HiddenViewController.m; sourceTree = "<group>"; };
		4A6848C32A22003200C8D439 /* HiddenAnimation.h */ = {isa = PBXFileReference; lastKnownFileType = sourcecode.c.h; path = HiddenAnimation.h; sourceTree = "<group>"; };
		4A6848C42A22003200C8D439 /* HiddenAnimation.m */ = {isa = PBXFileReference; lastKnownFileType = sourcecode.c.objc; path = HiddenAnimation.m; sourceTree = "<group>"; };
		4A6848C62A22249A00C8D439 /* HiddenCollectionViewCell.h */ = {isa = PBXFileReference; lastKnownFileType = sourcecode.c.h; path = HiddenCollectionViewCell.h; sourceTree = "<group>"; };
		4A6848C72A22249A00C8D439 /* HiddenCollectionViewCell.m */ = {isa = PBXFileReference; lastKnownFileType = sourcecode.c.objc; path = HiddenCollectionViewCell.m; sourceTree = "<group>"; };
		4A7CCD2429DBC7CF00879D9C /* TodayViewController.h */ = {isa = PBXFileReference; lastKnownFileType = sourcecode.c.h; path = TodayViewController.h; sourceTree = "<group>"; };
		4A7CCD2529DBC7CF00879D9C /* TodayViewController.m */ = {isa = PBXFileReference; lastKnownFileType = sourcecode.c.objc; path = TodayViewController.m; sourceTree = "<group>"; };
		4A88211429F26104009E422C /* TodayPeriodCollectionViewCell.h */ = {isa = PBXFileReference; lastKnownFileType = sourcecode.c.h; path = TodayPeriodCollectionViewCell.h; sourceTree = "<group>"; };
		4A88211529F26104009E422C /* TodayPeriodCollectionViewCell.m */ = {isa = PBXFileReference; lastKnownFileType = sourcecode.c.objc; path = TodayPeriodCollectionViewCell.m; sourceTree = "<group>"; };
		4A88211729F2A2B8009E422C /* TodayTotalHeader.h */ = {isa = PBXFileReference; lastKnownFileType = sourcecode.c.h; path = TodayTotalHeader.h; sourceTree = "<group>"; };
		4A88211829F2A2B8009E422C /* TodayTotalHeader.m */ = {isa = PBXFileReference; lastKnownFileType = sourcecode.c.objc; path = TodayTotalHeader.m; sourceTree = "<group>"; };
		4A88211A29F4A08D009E422C /* TaskTotalHeader.h */ = {isa = PBXFileReference; lastKnownFileType = sourcecode.c.h; path = TaskTotalHeader.h; sourceTree = "<group>"; };
		4A88211B29F4A08D009E422C /* TaskTotalHeader.m */ = {isa = PBXFileReference; lastKnownFileType = sourcecode.c.objc; path = TaskTotalHeader.m; sourceTree = "<group>"; };
		4A88212729F6035E009E422C /* CellAnimation.h */ = {isa = PBXFileReference; lastKnownFileType = sourcecode.c.h; path = CellAnimation.h; sourceTree = "<group>"; };
		4A88212829F6035E009E422C /* CellAnimation.m */ = {isa = PBXFileReference; lastKnownFileType = sourcecode.c.objc; path = CellAnimation.m; sourceTree = "<group>"; };
		4A88212A29F6066A009E422C /* TimeEditingViewController.h */ = {isa = PBXFileReference; lastKnownFileType = sourcecode.c.h; path = TimeEditingViewController.h; sourceTree = "<group>"; };
		4A88212B29F6066A009E422C /* TimeEditingViewController.m */ = {isa = PBXFileReference; lastKnownFileType = sourcecode.c.objc; path = TimeEditingViewController.m; sourceTree = "<group>"; };
		4A88212D29F671F7009E422C /* TimeTrackingViewController.h */ = {isa = PBXFileReference; lastKnownFileType = sourcecode.c.h; path = TimeTrackingViewController.h; sourceTree = "<group>"; };
		4A88212E29F671F7009E422C /* TimeTrackingViewController.m */ = {isa = PBXFileReference; lastKnownFileType = sourcecode.c.objc; path = TimeTrackingViewController.m; sourceTree = "<group>"; };
		4AA3532D2A25CF8300920404 /* PiechartDataCollectionViewCell.h */ = {isa = PBXFileReference; lastKnownFileType = sourcecode.c.h; path = PiechartDataCollectionViewCell.h; sourceTree = "<group>"; };
		4AA3532E2A25CF8300920404 /* PiechartDataCollectionViewCell.m */ = {isa = PBXFileReference; lastKnownFileType = sourcecode.c.objc; path = PiechartDataCollectionViewCell.m; sourceTree = "<group>"; };
		4AA353302A25CF9B00920404 /* PiechartRecordCollectionViewCell.h */ = {isa = PBXFileReference; lastKnownFileType = sourcecode.c.h; path = PiechartRecordCollectionViewCell.h; sourceTree = "<group>"; };
		4AA353312A25CF9B00920404 /* PiechartRecordCollectionViewCell.m */ = {isa = PBXFileReference; lastKnownFileType = sourcecode.c.objc; path = PiechartRecordCollectionViewCell.m; sourceTree = "<group>"; };
		4AA353332A25D59400920404 /* HeatmapCollectionViewCell.h */ = {isa = PBXFileReference; lastKnownFileType = sourcecode.c.h; path = HeatmapCollectionViewCell.h; sourceTree = "<group>"; };
		4AA353342A25D59400920404 /* HeatmapCollectionViewCell.m */ = {isa = PBXFileReference; lastKnownFileType = sourcecode.c.objc; path = HeatmapCollectionViewCell.m; sourceTree = "<group>"; };
		4AA353362A25D9BB00920404 /* ExportImportCollectionViewCell.h */ = {isa = PBXFileReference; lastKnownFileType = sourcecode.c.h; path = ExportImportCollectionViewCell.h; sourceTree = "<group>"; };
		4AA353372A25D9BB00920404 /* ExportImportCollectionViewCell.m */ = {isa = PBXFileReference; lastKnownFileType = sourcecode.c.objc; path = ExportImportCollectionViewCell.m; sourceTree = "<group>"; };
		4AA353392A25DBDA00920404 /* ReportBugCollectionViewCell.h */ = {isa = PBXFileReference; lastKnownFileType = sourcecode.c.h; path = ReportBugCollectionViewCell.h; sourceTree = "<group>"; };
		4AA3533A2A25DBDA00920404 /* ReportBugCollectionViewCell.m */ = {isa = PBXFileReference; lastKnownFileType = sourcecode.c.objc; path = ReportBugCollectionViewCell.m; sourceTree = "<group>"; };
		4AA3533F2A25E3FA00920404 /* HintHeader.h */ = {isa = PBXFileReference; lastKnownFileType = sourcecode.c.h; path = HintHeader.h; sourceTree = "<group>"; };
		4AA353402A25E3FA00920404 /* HintHeader.m */ = {isa = PBXFileReference; lastKnownFileType = sourcecode.c.objc; path = HintHeader.m; sourceTree = "<group>"; };
		4AB9C8B829E911C8002358E2 /* HistogramCollectionViewCell.h */ = {isa = PBXFileReference; lastKnownFileType = sourcecode.c.h; path = HistogramCollectionViewCell.h; sourceTree = "<group>"; };
		4AB9C8B929E911C8002358E2 /* HistogramCollectionViewCell.m */ = {isa = PBXFileReference; lastKnownFileType = sourcecode.c.objc; path = HistogramCollectionViewCell.m; sourceTree = "<group>"; };
		4AC1FDBB2A0384A600CDCED9 /* MirrorRecordModel.h */ = {isa = PBXFileReference; lastKnownFileType = sourcecode.c.h; path = MirrorRecordModel.h; sourceTree = "<group>"; };
		4AC1FDBC2A0384A600CDCED9 /* MirrorRecordModel.m */ = {isa = PBXFileReference; lastKnownFileType = sourcecode.c.objc; path = MirrorRecordModel.m; sourceTree = "<group>"; };
		4AC1FDBE2A03B05100CDCED9 /* MirrorDataModel.h */ = {isa = PBXFileReference; lastKnownFileType = sourcecode.c.h; path = MirrorDataModel.h; sourceTree = "<group>"; };
		4AC1FDBF2A03B05100CDCED9 /* MirrorDataModel.m */ = {isa = PBXFileReference; lastKnownFileType = sourcecode.c.objc; path = MirrorDataModel.m; sourceTree = "<group>"; };
		4AC1FDC22A04122400CDCED9 /* AllRecordsViewController.h */ = {isa = PBXFileReference; lastKnownFileType = sourcecode.c.h; path = AllRecordsViewController.h; sourceTree = "<group>"; };
		4AC1FDC32A04122400CDCED9 /* AllRecordsViewController.m */ = {isa = PBXFileReference; lastKnownFileType = sourcecode.c.objc; path = AllRecordsViewController.m; sourceTree = "<group>"; };
		4AC1FDC52A0418F000CDCED9 /* ShowIndexCollectionViewCell.h */ = {isa = PBXFileReference; lastKnownFileType = sourcecode.c.h; path = ShowIndexCollectionViewCell.h; sourceTree = "<group>"; };
		4AC1FDC62A0418F000CDCED9 /* ShowIndexCollectionViewCell.m */ = {isa = PBXFileReference; lastKnownFileType = sourcecode.c.objc; path = ShowIndexCollectionViewCell.m; sourceTree = "<group>"; };
		4ACB422C29EEA411005EECC4 /* LeftAnimation.h */ = {isa = PBXFileReference; lastKnownFileType = sourcecode.c.h; path = LeftAnimation.h; sourceTree = "<group>"; };
		4ACB422D29EEA411005EECC4 /* LeftAnimation.m */ = {isa = PBXFileReference; lastKnownFileType = sourcecode.c.objc; path = LeftAnimation.m; sourceTree = "<group>"; };
		4ADDC5B528E476A8006F02DE /* LanguageCollectionViewCell.h */ = {isa = PBXFileReference; lastKnownFileType = sourcecode.c.h; path = LanguageCollectionViewCell.h; sourceTree = "<group>"; };
		4ADDC5B628E476A8006F02DE /* LanguageCollectionViewCell.m */ = {isa = PBXFileReference; lastKnownFileType = sourcecode.c.objc; path = LanguageCollectionViewCell.m; sourceTree = "<group>"; };
		4ADDC5BB28E6DF8B006F02DE /* ColorCollectionViewCell.h */ = {isa = PBXFileReference; lastKnownFileType = sourcecode.c.h; path = ColorCollectionViewCell.h; sourceTree = "<group>"; };
		4ADDC5BC28E6DF8B006F02DE /* ColorCollectionViewCell.m */ = {isa = PBXFileReference; lastKnownFileType = sourcecode.c.objc; path = ColorCollectionViewCell.m; sourceTree = "<group>"; };
		4ADDC5C628E73935006F02DE /* AddTaskViewController.h */ = {isa = PBXFileReference; lastKnownFileType = sourcecode.c.h; path = AddTaskViewController.h; sourceTree = "<group>"; };
		4ADDC5C728E73935006F02DE /* AddTaskViewController.m */ = {isa = PBXFileReference; lastKnownFileType = sourcecode.c.objc; path = AddTaskViewController.m; sourceTree = "<group>"; };
		4AE4171728DF613D008A6A18 /* TimeViewController.h */ = {isa = PBXFileReference; lastKnownFileType = sourcecode.c.h; path = TimeViewController.h; sourceTree = "<group>"; };
		4AE4171828DF613D008A6A18 /* TimeViewController.m */ = {isa = PBXFileReference; lastKnownFileType = sourcecode.c.objc; path = TimeViewController.m; sourceTree = "<group>"; };
		4AE4171D28DF6155008A6A18 /* SettingsViewController.h */ = {isa = PBXFileReference; lastKnownFileType = sourcecode.c.h; path = SettingsViewController.h; sourceTree = "<group>"; };
		4AE4171E28DF6155008A6A18 /* SettingsViewController.m */ = {isa = PBXFileReference; lastKnownFileType = sourcecode.c.objc; path = SettingsViewController.m; sourceTree = "<group>"; };
		4AE5E8902A0253DA004228C1 /* SplitLineView.h */ = {isa = PBXFileReference; lastKnownFileType = sourcecode.c.h; path = SplitLineView.h; sourceTree = "<group>"; };
		4AE5E8912A0253DA004228C1 /* SplitLineView.m */ = {isa = PBXFileReference; lastKnownFileType = sourcecode.c.objc; path = SplitLineView.m; sourceTree = "<group>"; };
		4AE5E8932A02644E004228C1 /* HeartFooter.h */ = {isa = PBXFileReference; lastKnownFileType = sourcecode.c.h; path = HeartFooter.h; sourceTree = "<group>"; };
		4AE5E8942A02644E004228C1 /* HeartFooter.m */ = {isa = PBXFileReference; lastKnownFileType = sourcecode.c.objc; path = HeartFooter.m; sourceTree = "<group>"; };
		4AFA3B7529E4EF2A004D5BE4 /* WeekStartsOnCollectionViewCell.h */ = {isa = PBXFileReference; lastKnownFileType = sourcecode.c.h; path = WeekStartsOnCollectionViewCell.h; sourceTree = "<group>"; };
		4AFA3B7629E4EF2A004D5BE4 /* WeekStartsOnCollectionViewCell.m */ = {isa = PBXFileReference; lastKnownFileType = sourcecode.c.objc; path = WeekStartsOnCollectionViewCell.m; sourceTree = "<group>"; };
		4AFB779D28DF4A380064CBCA /* Mirror.app */ = {isa = PBXFileReference; explicitFileType = wrapper.application; includeInIndex = 0; path = Mirror.app; sourceTree = BUILT_PRODUCTS_DIR; };
		4AFB77A028DF4A380064CBCA /* AppDelegate.h */ = {isa = PBXFileReference; lastKnownFileType = sourcecode.c.h; path = AppDelegate.h; sourceTree = "<group>"; };
		4AFB77A128DF4A380064CBCA /* AppDelegate.m */ = {isa = PBXFileReference; lastKnownFileType = sourcecode.c.objc; path = AppDelegate.m; sourceTree = "<group>"; };
		4AFB77A328DF4A380064CBCA /* SceneDelegate.h */ = {isa = PBXFileReference; lastKnownFileType = sourcecode.c.h; path = SceneDelegate.h; sourceTree = "<group>"; };
		4AFB77A428DF4A380064CBCA /* SceneDelegate.m */ = {isa = PBXFileReference; lastKnownFileType = sourcecode.c.objc; path = SceneDelegate.m; sourceTree = "<group>"; };
		4AFB77AC28DF4A3B0064CBCA /* Assets.xcassets */ = {isa = PBXFileReference; lastKnownFileType = folder.assetcatalog; path = Assets.xcassets; sourceTree = "<group>"; };
		4AFB77B128DF4A3B0064CBCA /* Info.plist */ = {isa = PBXFileReference; lastKnownFileType = text.plist.xml; path = Info.plist; sourceTree = "<group>"; };
		4AFB77B228DF4A3B0064CBCA /* main.m */ = {isa = PBXFileReference; lastKnownFileType = sourcecode.c.objc; path = main.m; sourceTree = "<group>"; };
		7D92DFFBA0C7141AB1910C6F /* Pods_Mirror.framework */ = {isa = PBXFileReference; explicitFileType = wrapper.framework; includeInIndex = 0; path = Pods_Mirror.framework; sourceTree = BUILT_PRODUCTS_DIR; };
		BCE97AF04F189BBAB1043B98 /* Pods-Mirror.release.xcconfig */ = {isa = PBXFileReference; includeInIndex = 1; lastKnownFileType = text.xcconfig; name = "Pods-Mirror.release.xcconfig"; path = "Target Support Files/Pods-Mirror/Pods-Mirror.release.xcconfig"; sourceTree = "<group>"; };
		FFB541C46D21D3EBC8327409 /* Pods-Mirror.debug.xcconfig */ = {isa = PBXFileReference; includeInIndex = 1; lastKnownFileType = text.xcconfig; name = "Pods-Mirror.debug.xcconfig"; path = "Target Support Files/Pods-Mirror/Pods-Mirror.debug.xcconfig"; sourceTree = "<group>"; };
/* End PBXFileReference section */

/* Begin PBXFrameworksBuildPhase section */
		4AFB779A28DF4A380064CBCA /* Frameworks */ = {
			isa = PBXFrameworksBuildPhase;
			buildActionMask = 2147483647;
			files = (
				863C4586B60A413E3A3FA00B /* Pods_Mirror.framework in Frameworks */,
			);
			runOnlyForDeploymentPostprocessing = 0;
		};
/* End PBXFrameworksBuildPhase section */

/* Begin PBXGroup section */
		28A8007B0861D9C4CF702272 /* Pods */ = {
			isa = PBXGroup;
			children = (
				FFB541C46D21D3EBC8327409 /* Pods-Mirror.debug.xcconfig */,
				BCE97AF04F189BBAB1043B98 /* Pods-Mirror.release.xcconfig */,
			);
			path = Pods;
			sourceTree = "<group>";
		};
		4A083B8C2904AA69002B91EB /* MirrorTracking */ = {
			isa = PBXGroup;
			children = (
				4A88212A29F6066A009E422C /* TimeEditingViewController.h */,
				4A88212B29F6066A009E422C /* TimeEditingViewController.m */,
				4A88212D29F671F7009E422C /* TimeTrackingViewController.h */,
				4A88212E29F671F7009E422C /* TimeTrackingViewController.m */,
			);
			path = MirrorTracking;
			sourceTree = "<group>";
		};
		4A099FA329DCFE0B002683A1 /* Task */ = {
			isa = PBXGroup;
			children = (
				4A406C1829071939001E83A1 /* MirrorStorage.h */,
				4A406C1929071939001E83A1 /* MirrorStorage.m */,
			);
			path = Task;
			sourceTree = "<group>";
		};
		4A099FAB29DD0567002683A1 /* Model */ = {
			isa = PBXGroup;
			children = (
				4A099FA829DCFE54002683A1 /* MirrorTaskModel.h */,
				4A099FA929DCFE54002683A1 /* MirrorTaskModel.m */,
				4AC1FDBB2A0384A600CDCED9 /* MirrorRecordModel.h */,
				4AC1FDBC2A0384A600CDCED9 /* MirrorRecordModel.m */,
				4AC1FDBE2A03B05100CDCED9 /* MirrorDataModel.h */,
				4AC1FDBF2A03B05100CDCED9 /* MirrorDataModel.m */,
			);
			path = Model;
			sourceTree = "<group>";
		};
		4A0D40F929EFE28300F13EAE /* MirrorHistory */ = {
			isa = PBXGroup;
			children = (
				4A0D40FA29EFE6BD00F13EAE /* HistoryViewController.h */,
				4A0D40FB29EFE6BD00F13EAE /* HistoryViewController.m */,
				4A410A2A29EA5D750007003B /* Legend */,
				4A410A2B29EA5D800007003B /* Histogram */,
				4A410A2929EA5D650007003B /* PieChart */,
			);
			path = MirrorHistory;
			sourceTree = "<group>";
		};
		4A32A3FF29F8C88F00DCCF57 /* EditTasks */ = {
			isa = PBXGroup;
			children = (
				4A32A40029F8C93500DCCF57 /* EditTasksViewController.h */,
				4A32A40129F8C93500DCCF57 /* EditTasksViewController.m */,
				4A32A40329F8CAC500DCCF57 /* EditTaskCollectionViewCell.h */,
				4A32A40429F8CAC500DCCF57 /* EditTaskCollectionViewCell.m */,
				4AA3533F2A25E3FA00920404 /* HintHeader.h */,
				4AA353402A25E3FA00920404 /* HintHeader.m */,
				4AE5E8932A02644E004228C1 /* HeartFooter.h */,
				4AE5E8942A02644E004228C1 /* HeartFooter.m */,
			);
			path = EditTasks;
			sourceTree = "<group>";
		};
		4A379B3928E0340600785CAE /* MirrorSetups */ = {
			isa = PBXGroup;
			children = (
				4AFB77B228DF4A3B0064CBCA /* main.m */,
				4AFB77A028DF4A380064CBCA /* AppDelegate.h */,
				4AFB77A128DF4A380064CBCA /* AppDelegate.m */,
				4AFB77A328DF4A380064CBCA /* SceneDelegate.h */,
				4AFB77A428DF4A380064CBCA /* SceneDelegate.m */,
				4A379B4228E03D0B00785CAE /* MirrorTabsManager.h */,
				4A379B4328E03D0B00785CAE /* MirrorTabsManager.m */,
				4A3DC92A29FCE3D200679C11 /* MirrorNaviManager.h */,
				4A3DC92B29FCE3D200679C11 /* MirrorNaviManager.m */,
			);
			path = MirrorSetups;
			sourceTree = "<group>";
		};
		4A379B3B28E0370400785CAE /* MirrorTime */ = {
			isa = PBXGroup;
			children = (
				4AE4171728DF613D008A6A18 /* TimeViewController.h */,
				4AE4171828DF613D008A6A18 /* TimeViewController.m */,
				015564E228E1A78E008AB06C /* TimeTrackerTaskCollectionViewCell.h */,
				015564E328E1A78E008AB06C /* TimeTrackerTaskCollectionViewCell.m */,
				4A083B8C2904AA69002B91EB /* MirrorTracking */,
				4ADDC5BF28E6FB3D006F02DE /* MirrorTaskAdd */,
				4A32A3FF29F8C88F00DCCF57 /* EditTasks */,
			);
			path = MirrorTime;
			sourceTree = "<group>";
		};
		4A379B3C28E0371700785CAE /* MirrorToday */ = {
			isa = PBXGroup;
			children = (
				4A7CCD2429DBC7CF00879D9C /* TodayViewController.h */,
				4A7CCD2529DBC7CF00879D9C /* TodayViewController.m */,
				4A88211029F26094009E422C /* Period */,
			);
			path = MirrorToday;
			sourceTree = "<group>";
		};
		4A379B3D28E0372700785CAE /* MirrorSettings */ = {
			isa = PBXGroup;
			children = (
				4AE4171D28DF6155008A6A18 /* SettingsViewController.h */,
				4AE4171E28DF6155008A6A18 /* SettingsViewController.m */,
				4A406C0F2906FC00001E83A1 /* ToggleCollectionViewCell.h */,
				4A406C102906FC00001E83A1 /* ToggleCollectionViewCell.m */,
				4AFA3B7429E4EE0F004D5BE4 /* SettingsCells */,
			);
			path = MirrorSettings;
			sourceTree = "<group>";
		};
		4A379B3E28E0379E00785CAE /* MirrorCustomize */ = {
			isa = PBXGroup;
			children = (
				4AE1153429ECF6F7003CBB39 /* TaskRecords */,
				4AE5E88F2A0253A3004228C1 /* View */,
				4ACB422F29EECBC4005EECC4 /* Animations */,
				4A099FAC29DD57AE002683A1 /* MirrorTool.h */,
				4A099FAD29DD57AE002683A1 /* MirrorTool.m */,
				4A32A3FC29F7782200DCCF57 /* MirrorTimeText.h */,
				4A32A3FD29F7782200DCCF57 /* MirrorTimeText.m */,
				4A379B3F28E0381A00785CAE /* UIColor+MirrorColor.h */,
				4A379B4028E0381A00785CAE /* UIColor+MirrorColor.m */,
				4A379B4528E2F33B00785CAE /* MirrorLanguage.h */,
				4A379B4628E2F33B00785CAE /* MirrorLanguage.m */,
				4A379B5228E31BD200785CAE /* MirrorMacro.h */,
				4A379B5328E31BD200785CAE /* MirrorMacro.m */,
			);
			path = MirrorCustomize;
			sourceTree = "<group>";
		};
		4A406C1B29073D1D001E83A1 /* MirrorData */ = {
			isa = PBXGroup;
			children = (
				4A37369829E3AD8700187280 /* MirrorSettings.h */,
				4A37369929E3AD8700187280 /* MirrorSettings.m */,
				4A099FAB29DD0567002683A1 /* Model */,
				4A099FA329DCFE0B002683A1 /* Task */,
			);
			path = MirrorData;
			sourceTree = "<group>";
		};
		4A410A2929EA5D650007003B /* PieChart */ = {
			isa = PBXGroup;
			children = (
				4A37369229E2AEE900187280 /* PiechartView.h */,
				4A37369329E2AEE900187280 /* PiechartView.m */,
				4A37369529E2BD3C00187280 /* SliceLayer.h */,
				4A37369629E2BD3C00187280 /* SliceLayer.m */,
			);
			path = PieChart;
			sourceTree = "<group>";
		};
		4A410A2A29EA5D750007003B /* Legend */ = {
			isa = PBXGroup;
			children = (
				4A0D410029F13C5300F13EAE /* SpanLegend.h */,
				4A0D410129F13C5300F13EAE /* SpanLegend.m */,
				4A410A2629EA51750007003B /* LegendCollectionViewCell.h */,
				4A410A2729EA51750007003B /* LegendCollectionViewCell.m */,
			);
			path = Legend;
			sourceTree = "<group>";
		};
		4A410A2B29EA5D800007003B /* Histogram */ = {
			isa = PBXGroup;
			children = (
				4A0D40FD29F1269600F13EAE /* SpanHistogram.h */,
				4A0D40FE29F1269600F13EAE /* SpanHistogram.m */,
				4AB9C8B829E911C8002358E2 /* HistogramCollectionViewCell.h */,
				4AB9C8B929E911C8002358E2 /* HistogramCollectionViewCell.m */,
			);
			path = Histogram;
			sourceTree = "<group>";
		};
		4A88211029F26094009E422C /* Period */ = {
			isa = PBXGroup;
			children = (
				4A88211429F26104009E422C /* TodayPeriodCollectionViewCell.h */,
				4A88211529F26104009E422C /* TodayPeriodCollectionViewCell.m */,
				4A88211729F2A2B8009E422C /* TodayTotalHeader.h */,
				4A88211829F2A2B8009E422C /* TodayTotalHeader.m */,
			);
			path = Period;
			sourceTree = "<group>";
		};
		4ABE8D6D2A05C54900569A1C /* MirrorGrid */ = {
			isa = PBXGroup;
			children = (
				4A3DC92E2A0106F600679C11 /* GridViewController.h */,
				4A3DC92F2A0106F600679C11 /* GridViewController.m */,
				4A3DC9312A0109DA00679C11 /* GridCollectionViewCell.h */,
				4A3DC9322A0109DA00679C11 /* GridCollectionViewCell.m */,
				4A6848C02A21FEB200C8D439 /* HiddenViewController.h */,
				4A6848C12A21FEB200C8D439 /* HiddenViewController.m */,
				4A6848C62A22249A00C8D439 /* HiddenCollectionViewCell.h */,
				4A6848C72A22249A00C8D439 /* HiddenCollectionViewCell.m */,
			);
			path = MirrorGrid;
			sourceTree = "<group>";
		};
		4ACB422F29EECBC4005EECC4 /* Animations */ = {
			isa = PBXGroup;
			children = (
				4ACB422C29EEA411005EECC4 /* LeftAnimation.h */,
				4ACB422D29EEA411005EECC4 /* LeftAnimation.m */,
				4A88212729F6035E009E422C /* CellAnimation.h */,
				4A88212829F6035E009E422C /* CellAnimation.m */,
				4A6848C32A22003200C8D439 /* HiddenAnimation.h */,
				4A6848C42A22003200C8D439 /* HiddenAnimation.m */,
			);
			path = Animations;
			sourceTree = "<group>";
		};
		4ADDC5BF28E6FB3D006F02DE /* MirrorTaskAdd */ = {
			isa = PBXGroup;
			children = (
				4A379B5528E42AC200785CAE /* TimeTrackerAddTaskCollectionViewCell.h */,
				4A379B5628E42AC200785CAE /* TimeTrackerAddTaskCollectionViewCell.m */,
				4ADDC5C628E73935006F02DE /* AddTaskViewController.h */,
				4ADDC5C728E73935006F02DE /* AddTaskViewController.m */,
				4ADDC5BB28E6DF8B006F02DE /* ColorCollectionViewCell.h */,
				4ADDC5BC28E6DF8B006F02DE /* ColorCollectionViewCell.m */,
			);
			path = MirrorTaskAdd;
			sourceTree = "<group>";
		};
		4AE1153429ECF6F7003CBB39 /* TaskRecords */ = {
			isa = PBXGroup;
			children = (
				4AC1FDC22A04122400CDCED9 /* AllRecordsViewController.h */,
				4AC1FDC32A04122400CDCED9 /* AllRecordsViewController.m */,
				4A410A2F29EA68870007003B /* TaskRecordsViewController.h */,
				4A410A3029EA68870007003B /* TaskRecordsViewController.m */,
				4A410A3229EA6BB60007003B /* TaskPeriodCollectionViewCell.h */,
				4A410A3329EA6BB60007003B /* TaskPeriodCollectionViewCell.m */,
				4A88211A29F4A08D009E422C /* TaskTotalHeader.h */,
				4A88211B29F4A08D009E422C /* TaskTotalHeader.m */,
			);
			path = TaskRecords;
			sourceTree = "<group>";
		};
		4AE5E88F2A0253A3004228C1 /* View */ = {
			isa = PBXGroup;
			children = (
				4AE5E8902A0253DA004228C1 /* SplitLineView.h */,
				4AE5E8912A0253DA004228C1 /* SplitLineView.m */,
			);
			path = View;
			sourceTree = "<group>";
		};
		4AFA3B7429E4EE0F004D5BE4 /* SettingsCells */ = {
			isa = PBXGroup;
			children = (
				4ADDC5B528E476A8006F02DE /* LanguageCollectionViewCell.h */,
				4ADDC5B628E476A8006F02DE /* LanguageCollectionViewCell.m */,
				4AFA3B7529E4EF2A004D5BE4 /* WeekStartsOnCollectionViewCell.h */,
				4AFA3B7629E4EF2A004D5BE4 /* WeekStartsOnCollectionViewCell.m */,
				4AC1FDC52A0418F000CDCED9 /* ShowIndexCollectionViewCell.h */,
				4AC1FDC62A0418F000CDCED9 /* ShowIndexCollectionViewCell.m */,
				4AA3532D2A25CF8300920404 /* PiechartDataCollectionViewCell.h */,
				4AA3532E2A25CF8300920404 /* PiechartDataCollectionViewCell.m */,
				4AA353302A25CF9B00920404 /* PiechartRecordCollectionViewCell.h */,
				4AA353312A25CF9B00920404 /* PiechartRecordCollectionViewCell.m */,
				4AA353332A25D59400920404 /* HeatmapCollectionViewCell.h */,
				4AA353342A25D59400920404 /* HeatmapCollectionViewCell.m */,
				4AA353362A25D9BB00920404 /* ExportImportCollectionViewCell.h */,
				4AA353372A25D9BB00920404 /* ExportImportCollectionViewCell.m */,
				4AA353392A25DBDA00920404 /* ReportBugCollectionViewCell.h */,
				4AA3533A2A25DBDA00920404 /* ReportBugCollectionViewCell.m */,
			);
			path = SettingsCells;
			sourceTree = "<group>";
		};
		4AFB779428DF4A380064CBCA = {
			isa = PBXGroup;
			children = (
				4AFB779F28DF4A380064CBCA /* Mirror */,
				4AFB779E28DF4A380064CBCA /* Products */,
				28A8007B0861D9C4CF702272 /* Pods */,
				F9B0C7CCC00DFAFF4ADCBE2F /* Frameworks */,
			);
			sourceTree = "<group>";
		};
		4AFB779E28DF4A380064CBCA /* Products */ = {
			isa = PBXGroup;
			children = (
				4AFB779D28DF4A380064CBCA /* Mirror.app */,
			);
			name = Products;
			sourceTree = "<group>";
		};
		4AFB779F28DF4A380064CBCA /* Mirror */ = {
			isa = PBXGroup;
			children = (
				4AFB77B128DF4A3B0064CBCA /* Info.plist */,
				4AFB77AC28DF4A3B0064CBCA /* Assets.xcassets */,
				4A379B3928E0340600785CAE /* MirrorSetups */,
				4A379B3D28E0372700785CAE /* MirrorSettings */,
				4A406C1B29073D1D001E83A1 /* MirrorData */,
				4A379B3E28E0379E00785CAE /* MirrorCustomize */,
				4A379B3B28E0370400785CAE /* MirrorTime */,
				4A379B3C28E0371700785CAE /* MirrorToday */,
				4A0D40F929EFE28300F13EAE /* MirrorHistory */,
				4ABE8D6D2A05C54900569A1C /* MirrorGrid */,
			);
			path = Mirror;
			sourceTree = "<group>";
		};
		F9B0C7CCC00DFAFF4ADCBE2F /* Frameworks */ = {
			isa = PBXGroup;
			children = (
				7D92DFFBA0C7141AB1910C6F /* Pods_Mirror.framework */,
			);
			name = Frameworks;
			sourceTree = "<group>";
		};
/* End PBXGroup section */

/* Begin PBXNativeTarget section */
		4AFB779C28DF4A380064CBCA /* Mirror */ = {
			isa = PBXNativeTarget;
			buildConfigurationList = 4AFB77B628DF4A3B0064CBCA /* Build configuration list for PBXNativeTarget "Mirror" */;
			buildPhases = (
				E5BCFE3D5A5A0B193346F52B /* [CP] Check Pods Manifest.lock */,
				4AFB779928DF4A380064CBCA /* Sources */,
				4AFB779A28DF4A380064CBCA /* Frameworks */,
				4AFB779B28DF4A380064CBCA /* Resources */,
				52E4E382364126EE8084D210 /* [CP] Embed Pods Frameworks */,
			);
			buildRules = (
			);
			dependencies = (
			);
			name = Mirror;
			productName = Mirror;
			productReference = 4AFB779D28DF4A380064CBCA /* Mirror.app */;
			productType = "com.apple.product-type.application";
		};
/* End PBXNativeTarget section */

/* Begin PBXProject section */
		4AFB779528DF4A380064CBCA /* Project object */ = {
			isa = PBXProject;
			attributes = {
				LastUpgradeCheck = 1250;
				TargetAttributes = {
					4AFB779C28DF4A380064CBCA = {
						CreatedOnToolsVersion = 12.5.1;
					};
				};
			};
			buildConfigurationList = 4AFB779828DF4A380064CBCA /* Build configuration list for PBXProject "Mirror" */;
			compatibilityVersion = "Xcode 9.3";
			developmentRegion = en;
			hasScannedForEncodings = 0;
			knownRegions = (
				en,
				Base,
			);
			mainGroup = 4AFB779428DF4A380064CBCA;
			productRefGroup = 4AFB779E28DF4A380064CBCA /* Products */;
			projectDirPath = "";
			projectRoot = "";
			targets = (
				4AFB779C28DF4A380064CBCA /* Mirror */,
			);
		};
/* End PBXProject section */

/* Begin PBXResourcesBuildPhase section */
		4AFB779B28DF4A380064CBCA /* Resources */ = {
			isa = PBXResourcesBuildPhase;
			buildActionMask = 2147483647;
			files = (
				4AFB77AD28DF4A3B0064CBCA /* Assets.xcassets in Resources */,
			);
			runOnlyForDeploymentPostprocessing = 0;
		};
/* End PBXResourcesBuildPhase section */

/* Begin PBXShellScriptBuildPhase section */
		52E4E382364126EE8084D210 /* [CP] Embed Pods Frameworks */ = {
			isa = PBXShellScriptBuildPhase;
			buildActionMask = 2147483647;
			files = (
			);
			inputFileListPaths = (
				"${PODS_ROOT}/Target Support Files/Pods-Mirror/Pods-Mirror-frameworks-${CONFIGURATION}-input-files.xcfilelist",
			);
			name = "[CP] Embed Pods Frameworks";
			outputFileListPaths = (
				"${PODS_ROOT}/Target Support Files/Pods-Mirror/Pods-Mirror-frameworks-${CONFIGURATION}-output-files.xcfilelist",
			);
			runOnlyForDeploymentPostprocessing = 0;
			shellPath = /bin/sh;
			shellScript = "\"${PODS_ROOT}/Target Support Files/Pods-Mirror/Pods-Mirror-frameworks.sh\"\n";
			showEnvVarsInLog = 0;
		};
		E5BCFE3D5A5A0B193346F52B /* [CP] Check Pods Manifest.lock */ = {
			isa = PBXShellScriptBuildPhase;
			buildActionMask = 2147483647;
			files = (
			);
			inputFileListPaths = (
			);
			inputPaths = (
				"${PODS_PODFILE_DIR_PATH}/Podfile.lock",
				"${PODS_ROOT}/Manifest.lock",
			);
			name = "[CP] Check Pods Manifest.lock";
			outputFileListPaths = (
			);
			outputPaths = (
				"$(DERIVED_FILE_DIR)/Pods-Mirror-checkManifestLockResult.txt",
			);
			runOnlyForDeploymentPostprocessing = 0;
			shellPath = /bin/sh;
			shellScript = "diff \"${PODS_PODFILE_DIR_PATH}/Podfile.lock\" \"${PODS_ROOT}/Manifest.lock\" > /dev/null\nif [ $? != 0 ] ; then\n    # print error to STDERR\n    echo \"error: The sandbox is not in sync with the Podfile.lock. Run 'pod install' or update your CocoaPods installation.\" >&2\n    exit 1\nfi\n# This output is used by Xcode 'outputs' to avoid re-running this script phase.\necho \"SUCCESS\" > \"${SCRIPT_OUTPUT_FILE_0}\"\n";
			showEnvVarsInLog = 0;
		};
/* End PBXShellScriptBuildPhase section */

/* Begin PBXSourcesBuildPhase section */
		4AFB779928DF4A380064CBCA /* Sources */ = {
			isa = PBXSourcesBuildPhase;
			buildActionMask = 2147483647;
			files = (
				4A6848C22A21FEB200C8D439 /* HiddenViewController.m in Sources */,
				4AFA3B7729E4EF2A004D5BE4 /* WeekStartsOnCollectionViewCell.m in Sources */,
				4AB9C8BA29E911C8002358E2 /* HistogramCollectionViewCell.m in Sources */,
				4AE4171928DF613D008A6A18 /* TimeViewController.m in Sources */,
				4A410A3129EA68870007003B /* TaskRecordsViewController.m in Sources */,
				4AFB77A228DF4A380064CBCA /* AppDelegate.m in Sources */,
				4AA353322A25CF9B00920404 /* PiechartRecordCollectionViewCell.m in Sources */,
				4ACB422E29EEA411005EECC4 /* LeftAnimation.m in Sources */,
				4ADDC5BD28E6DF8B006F02DE /* ColorCollectionViewCell.m in Sources */,
				4A7CCD2629DBC7CF00879D9C /* TodayViewController.m in Sources */,
				4A88212929F6035E009E422C /* CellAnimation.m in Sources */,
				4AA353412A25E3FA00920404 /* HintHeader.m in Sources */,
				4A32A40529F8CAC500DCCF57 /* EditTaskCollectionViewCell.m in Sources */,
				4A410A2829EA51750007003B /* LegendCollectionViewCell.m in Sources */,
				4A379B5728E42AC200785CAE /* TimeTrackerAddTaskCollectionViewCell.m in Sources */,
				4A88211629F26104009E422C /* TodayPeriodCollectionViewCell.m in Sources */,
				4A88211C29F4A08D009E422C /* TaskTotalHeader.m in Sources */,
				4A406C1A29071939001E83A1 /* MirrorStorage.m in Sources */,
				4ADDC5B728E476A8006F02DE /* LanguageCollectionViewCell.m in Sources */,
				4AFB77B328DF4A3B0064CBCA /* main.m in Sources */,
				4AA353352A25D59400920404 /* HeatmapCollectionViewCell.m in Sources */,
				4A88212C29F6066A009E422C /* TimeEditingViewController.m in Sources */,
				4A0D410229F13C5300F13EAE /* SpanLegend.m in Sources */,
				4A6848C52A22003200C8D439 /* HiddenAnimation.m in Sources */,
				4A37369A29E3AD8700187280 /* MirrorSettings.m in Sources */,
				4A37369729E2BD3C00187280 /* SliceLayer.m in Sources */,
				4A88212F29F671F7009E422C /* TimeTrackingViewController.m in Sources */,
				4AC1FDC02A03B05100CDCED9 /* MirrorDataModel.m in Sources */,
				4A6848C82A22249A00C8D439 /* HiddenCollectionViewCell.m in Sources */,
				4ADDC5C828E73935006F02DE /* AddTaskViewController.m in Sources */,
				4AE5E8922A0253DA004228C1 /* SplitLineView.m in Sources */,
				4A0D40FF29F1269700F13EAE /* SpanHistogram.m in Sources */,
				4A37369429E2AEE900187280 /* PiechartView.m in Sources */,
				4A0D40FC29EFE6BD00F13EAE /* HistoryViewController.m in Sources */,
				4A406C112906FC00001E83A1 /* ToggleCollectionViewCell.m in Sources */,
				4AE4171F28DF6155008A6A18 /* SettingsViewController.m in Sources */,
				4A88211929F2A2B8009E422C /* TodayTotalHeader.m in Sources */,
				4AFB77A528DF4A380064CBCA /* SceneDelegate.m in Sources */,
				4A379B4128E0381A00785CAE /* UIColor+MirrorColor.m in Sources */,
				4A32A3FE29F7782200DCCF57 /* MirrorTimeText.m in Sources */,
				4A32A40229F8C93500DCCF57 /* EditTasksViewController.m in Sources */,
				4A379B4428E03D0B00785CAE /* MirrorTabsManager.m in Sources */,
				4A3DC9302A0106F700679C11 /* GridViewController.m in Sources */,
				4A3DC9332A0109DA00679C11 /* GridCollectionViewCell.m in Sources */,
				4AC1FDC42A04122400CDCED9 /* AllRecordsViewController.m in Sources */,
				4AC1FDBD2A0384A600CDCED9 /* MirrorRecordModel.m in Sources */,
				015564E428E1A78E008AB06C /* TimeTrackerTaskCollectionViewCell.m in Sources */,
				4A3DC92C29FCE3D200679C11 /* MirrorNaviManager.m in Sources */,
				4A410A3429EA6BB60007003B /* TaskPeriodCollectionViewCell.m in Sources */,
				4A099FAE29DD57AE002683A1 /* MirrorTool.m in Sources */,
				4AA3532F2A25CF8300920404 /* PiechartDataCollectionViewCell.m in Sources */,
				4A099FAA29DCFE54002683A1 /* MirrorTaskModel.m in Sources */,
				4AA353382A25D9BB00920404 /* ExportImportCollectionViewCell.m in Sources */,
				4AA3533B2A25DBDA00920404 /* ReportBugCollectionViewCell.m in Sources */,
				4AC1FDC72A0418F000CDCED9 /* ShowIndexCollectionViewCell.m in Sources */,
				4A379B5428E31BD200785CAE /* MirrorMacro.m in Sources */,
				4AE5E8952A02644E004228C1 /* HeartFooter.m in Sources */,
				4A379B4728E2F33C00785CAE /* MirrorLanguage.m in Sources */,
			);
			runOnlyForDeploymentPostprocessing = 0;
		};
/* End PBXSourcesBuildPhase section */

/* Begin XCBuildConfiguration section */
		4AFB77B428DF4A3B0064CBCA /* Debug */ = {
			isa = XCBuildConfiguration;
			buildSettings = {
				ALWAYS_SEARCH_USER_PATHS = NO;
				CLANG_ANALYZER_NONNULL = YES;
				CLANG_ANALYZER_NUMBER_OBJECT_CONVERSION = YES_AGGRESSIVE;
				CLANG_CXX_LANGUAGE_STANDARD = "gnu++14";
				CLANG_CXX_LIBRARY = "libc++";
				CLANG_ENABLE_MODULES = YES;
				CLANG_ENABLE_OBJC_ARC = YES;
				CLANG_ENABLE_OBJC_WEAK = YES;
				CLANG_WARN_BLOCK_CAPTURE_AUTORELEASING = YES;
				CLANG_WARN_BOOL_CONVERSION = YES;
				CLANG_WARN_COMMA = YES;
				CLANG_WARN_CONSTANT_CONVERSION = YES;
				CLANG_WARN_DEPRECATED_OBJC_IMPLEMENTATIONS = YES;
				CLANG_WARN_DIRECT_OBJC_ISA_USAGE = YES_ERROR;
				CLANG_WARN_DOCUMENTATION_COMMENTS = YES;
				CLANG_WARN_EMPTY_BODY = YES;
				CLANG_WARN_ENUM_CONVERSION = YES;
				CLANG_WARN_INFINITE_RECURSION = YES;
				CLANG_WARN_INT_CONVERSION = YES;
				CLANG_WARN_NON_LITERAL_NULL_CONVERSION = YES;
				CLANG_WARN_OBJC_IMPLICIT_RETAIN_SELF = YES;
				CLANG_WARN_OBJC_LITERAL_CONVERSION = YES;
				CLANG_WARN_OBJC_ROOT_CLASS = YES_ERROR;
				CLANG_WARN_QUOTED_INCLUDE_IN_FRAMEWORK_HEADER = YES;
				CLANG_WARN_RANGE_LOOP_ANALYSIS = YES;
				CLANG_WARN_STRICT_PROTOTYPES = YES;
				CLANG_WARN_SUSPICIOUS_MOVE = YES;
				CLANG_WARN_UNGUARDED_AVAILABILITY = YES_AGGRESSIVE;
				CLANG_WARN_UNREACHABLE_CODE = YES;
				CLANG_WARN__DUPLICATE_METHOD_MATCH = YES;
				COPY_PHASE_STRIP = NO;
				DEBUG_INFORMATION_FORMAT = dwarf;
				ENABLE_STRICT_OBJC_MSGSEND = YES;
				ENABLE_TESTABILITY = YES;
				GCC_C_LANGUAGE_STANDARD = gnu11;
				GCC_DYNAMIC_NO_PIC = NO;
				GCC_NO_COMMON_BLOCKS = YES;
				GCC_OPTIMIZATION_LEVEL = 0;
				GCC_PREPROCESSOR_DEFINITIONS = (
					"DEBUG=1",
					"$(inherited)",
				);
				GCC_WARN_64_TO_32_BIT_CONVERSION = YES;
				GCC_WARN_ABOUT_RETURN_TYPE = YES_ERROR;
				GCC_WARN_UNDECLARED_SELECTOR = YES;
				GCC_WARN_UNINITIALIZED_AUTOS = YES_AGGRESSIVE;
				GCC_WARN_UNUSED_FUNCTION = YES;
				GCC_WARN_UNUSED_VARIABLE = YES;
				IPHONEOS_DEPLOYMENT_TARGET = 14.5;
				MTL_ENABLE_DEBUG_INFO = INCLUDE_SOURCE;
				MTL_FAST_MATH = YES;
				ONLY_ACTIVE_ARCH = YES;
				SDKROOT = iphoneos;
			};
			name = Debug;
		};
		4AFB77B528DF4A3B0064CBCA /* Release */ = {
			isa = XCBuildConfiguration;
			buildSettings = {
				ALWAYS_SEARCH_USER_PATHS = NO;
				CLANG_ANALYZER_NONNULL = YES;
				CLANG_ANALYZER_NUMBER_OBJECT_CONVERSION = YES_AGGRESSIVE;
				CLANG_CXX_LANGUAGE_STANDARD = "gnu++14";
				CLANG_CXX_LIBRARY = "libc++";
				CLANG_ENABLE_MODULES = YES;
				CLANG_ENABLE_OBJC_ARC = YES;
				CLANG_ENABLE_OBJC_WEAK = YES;
				CLANG_WARN_BLOCK_CAPTURE_AUTORELEASING = YES;
				CLANG_WARN_BOOL_CONVERSION = YES;
				CLANG_WARN_COMMA = YES;
				CLANG_WARN_CONSTANT_CONVERSION = YES;
				CLANG_WARN_DEPRECATED_OBJC_IMPLEMENTATIONS = YES;
				CLANG_WARN_DIRECT_OBJC_ISA_USAGE = YES_ERROR;
				CLANG_WARN_DOCUMENTATION_COMMENTS = YES;
				CLANG_WARN_EMPTY_BODY = YES;
				CLANG_WARN_ENUM_CONVERSION = YES;
				CLANG_WARN_INFINITE_RECURSION = YES;
				CLANG_WARN_INT_CONVERSION = YES;
				CLANG_WARN_NON_LITERAL_NULL_CONVERSION = YES;
				CLANG_WARN_OBJC_IMPLICIT_RETAIN_SELF = YES;
				CLANG_WARN_OBJC_LITERAL_CONVERSION = YES;
				CLANG_WARN_OBJC_ROOT_CLASS = YES_ERROR;
				CLANG_WARN_QUOTED_INCLUDE_IN_FRAMEWORK_HEADER = YES;
				CLANG_WARN_RANGE_LOOP_ANALYSIS = YES;
				CLANG_WARN_STRICT_PROTOTYPES = YES;
				CLANG_WARN_SUSPICIOUS_MOVE = YES;
				CLANG_WARN_UNGUARDED_AVAILABILITY = YES_AGGRESSIVE;
				CLANG_WARN_UNREACHABLE_CODE = YES;
				CLANG_WARN__DUPLICATE_METHOD_MATCH = YES;
				COPY_PHASE_STRIP = NO;
				DEBUG_INFORMATION_FORMAT = "dwarf-with-dsym";
				ENABLE_NS_ASSERTIONS = NO;
				ENABLE_STRICT_OBJC_MSGSEND = YES;
				GCC_C_LANGUAGE_STANDARD = gnu11;
				GCC_NO_COMMON_BLOCKS = YES;
				GCC_WARN_64_TO_32_BIT_CONVERSION = YES;
				GCC_WARN_ABOUT_RETURN_TYPE = YES_ERROR;
				GCC_WARN_UNDECLARED_SELECTOR = YES;
				GCC_WARN_UNINITIALIZED_AUTOS = YES_AGGRESSIVE;
				GCC_WARN_UNUSED_FUNCTION = YES;
				GCC_WARN_UNUSED_VARIABLE = YES;
				IPHONEOS_DEPLOYMENT_TARGET = 14.5;
				MTL_ENABLE_DEBUG_INFO = NO;
				MTL_FAST_MATH = YES;
				SDKROOT = iphoneos;
				VALIDATE_PRODUCT = YES;
			};
			name = Release;
		};
		4AFB77B728DF4A3B0064CBCA /* Debug */ = {
			isa = XCBuildConfiguration;
			baseConfigurationReference = FFB541C46D21D3EBC8327409 /* Pods-Mirror.debug.xcconfig */;
			buildSettings = {
				ASSETCATALOG_COMPILER_APPICON_NAME = AppIcon;
				ASSETCATALOG_COMPILER_GLOBAL_ACCENT_COLOR_NAME = AccentColor;
				CODE_SIGN_STYLE = Automatic;
				DEVELOPMENT_TEAM = UJ88QM73VP;
				INFOPLIST_FILE = Mirror/Info.plist;
				LD_RUNPATH_SEARCH_PATHS = (
					"$(inherited)",
					"@executable_path/Frameworks",
				);
				PRODUCT_BUNDLE_IDENTIFIER = com.rachel.wangyuqing.Mirror;
				PRODUCT_NAME = "$(TARGET_NAME)";
				TARGETED_DEVICE_FAMILY = 1;
			};
			name = Debug;
		};
		4AFB77B828DF4A3B0064CBCA /* Release */ = {
			isa = XCBuildConfiguration;
			baseConfigurationReference = BCE97AF04F189BBAB1043B98 /* Pods-Mirror.release.xcconfig */;
			buildSettings = {
				ASSETCATALOG_COMPILER_APPICON_NAME = AppIcon;
				ASSETCATALOG_COMPILER_GLOBAL_ACCENT_COLOR_NAME = AccentColor;
				CODE_SIGN_STYLE = Automatic;
				DEVELOPMENT_TEAM = UJ88QM73VP;
				INFOPLIST_FILE = Mirror/Info.plist;
				LD_RUNPATH_SEARCH_PATHS = (
					"$(inherited)",
					"@executable_path/Frameworks",
				);
				PRODUCT_BUNDLE_IDENTIFIER = com.rachel.wangyuqing.Mirror;
				PRODUCT_NAME = "$(TARGET_NAME)";
				TARGETED_DEVICE_FAMILY = 1;
			};
			name = Release;
		};
/* End XCBuildConfiguration section */

/* Begin XCConfigurationList section */
		4AFB779828DF4A380064CBCA /* Build configuration list for PBXProject "Mirror" */ = {
			isa = XCConfigurationList;
			buildConfigurations = (
				4AFB77B428DF4A3B0064CBCA /* Debug */,
				4AFB77B528DF4A3B0064CBCA /* Release */,
			);
			defaultConfigurationIsVisible = 0;
			defaultConfigurationName = Release;
		};
		4AFB77B628DF4A3B0064CBCA /* Build configuration list for PBXNativeTarget "Mirror" */ = {
			isa = XCConfigurationList;
			buildConfigurations = (
				4AFB77B728DF4A3B0064CBCA /* Debug */,
				4AFB77B828DF4A3B0064CBCA /* Release */,
			);
			defaultConfigurationIsVisible = 0;
			defaultConfigurationName = Release;
		};
/* End XCConfigurationList section */
	};
	rootObject = 4AFB779528DF4A380064CBCA /* Project object */;
}
