// !$*UTF8*$!
{
	archiveVersion = 1;
	classes = {
	};
	objectVersion = 51;
	objects = {

/* Begin PBXBuildFile section */
		015564DE28E1A32E008AB06C /* TimeTrackerDataManager.m in Sources */ = {isa = PBXBuildFile; fileRef = 015564DD28E1A32E008AB06C /* TimeTrackerDataManager.m */; };
		015564E428E1A78E008AB06C /* TimeTrackerTaskCollectionViewCell.m in Sources */ = {isa = PBXBuildFile; fileRef = 015564E328E1A78E008AB06C /* TimeTrackerTaskCollectionViewCell.m */; };
		015564E728E1A884008AB06C /* TimeTrackerTaskModel.m in Sources */ = {isa = PBXBuildFile; fileRef = 015564E628E1A884008AB06C /* TimeTrackerTaskModel.m */; };
		4A379B4128E0381A00785CAE /* UIColor+MirrorColor.m in Sources */ = {isa = PBXBuildFile; fileRef = 4A379B4028E0381A00785CAE /* UIColor+MirrorColor.m */; };
		4A379B4428E03D0B00785CAE /* TabbarControllerGenerater.m in Sources */ = {isa = PBXBuildFile; fileRef = 4A379B4328E03D0B00785CAE /* TabbarControllerGenerater.m */; };
		4A379B4728E2F33C00785CAE /* MirrorLanguage.m in Sources */ = {isa = PBXBuildFile; fileRef = 4A379B4628E2F33B00785CAE /* MirrorLanguage.m */; };
		4A379B4B28E2F73A00785CAE /* MirrorDefaultDataManager.m in Sources */ = {isa = PBXBuildFile; fileRef = 4A379B4A28E2F73A00785CAE /* MirrorDefaultDataManager.m */; };
		4A379B5428E31BD200785CAE /* MirrorMacro.m in Sources */ = {isa = PBXBuildFile; fileRef = 4A379B5328E31BD200785CAE /* MirrorMacro.m */; };
		4AE4171928DF613D008A6A18 /* TimeTrackerViewController.m in Sources */ = {isa = PBXBuildFile; fileRef = 4AE4171828DF613D008A6A18 /* TimeTrackerViewController.m */; };
		4AE4171C28DF614A008A6A18 /* HistoryViewController.m in Sources */ = {isa = PBXBuildFile; fileRef = 4AE4171B28DF614A008A6A18 /* HistoryViewController.m */; };
		4AE4171F28DF6155008A6A18 /* ProfileViewController.m in Sources */ = {isa = PBXBuildFile; fileRef = 4AE4171E28DF6155008A6A18 /* ProfileViewController.m */; };
		4AFB77A228DF4A380064CBCA /* AppDelegate.m in Sources */ = {isa = PBXBuildFile; fileRef = 4AFB77A128DF4A380064CBCA /* AppDelegate.m */; };
		4AFB77A528DF4A380064CBCA /* SceneDelegate.m in Sources */ = {isa = PBXBuildFile; fileRef = 4AFB77A428DF4A380064CBCA /* SceneDelegate.m */; };
		4AFB77AD28DF4A3B0064CBCA /* Assets.xcassets in Resources */ = {isa = PBXBuildFile; fileRef = 4AFB77AC28DF4A3B0064CBCA /* Assets.xcassets */; };
		4AFB77B328DF4A3B0064CBCA /* main.m in Sources */ = {isa = PBXBuildFile; fileRef = 4AFB77B228DF4A3B0064CBCA /* main.m */; };
		863C4586B60A413E3A3FA00B /* Pods_Mirror.framework in Frameworks */ = {isa = PBXBuildFile; fileRef = 7D92DFFBA0C7141AB1910C6F /* Pods_Mirror.framework */; };
/* End PBXBuildFile section */

/* Begin PBXFileReference section */
		015564DC28E1A32E008AB06C /* TimeTrackerDataManager.h */ = {isa = PBXFileReference; lastKnownFileType = sourcecode.c.h; path = TimeTrackerDataManager.h; sourceTree = "<group>"; };
		015564DD28E1A32E008AB06C /* TimeTrackerDataManager.m */ = {isa = PBXFileReference; lastKnownFileType = sourcecode.c.objc; path = TimeTrackerDataManager.m; sourceTree = "<group>"; };
		015564E228E1A78E008AB06C /* TimeTrackerTaskCollectionViewCell.h */ = {isa = PBXFileReference; lastKnownFileType = sourcecode.c.h; path = TimeTrackerTaskCollectionViewCell.h; sourceTree = "<group>"; };
		015564E328E1A78E008AB06C /* TimeTrackerTaskCollectionViewCell.m */ = {isa = PBXFileReference; lastKnownFileType = sourcecode.c.objc; path = TimeTrackerTaskCollectionViewCell.m; sourceTree = "<group>"; };
		015564E528E1A884008AB06C /* TimeTrackerTaskModel.h */ = {isa = PBXFileReference; lastKnownFileType = sourcecode.c.h; path = TimeTrackerTaskModel.h; sourceTree = "<group>"; };
		015564E628E1A884008AB06C /* TimeTrackerTaskModel.m */ = {isa = PBXFileReference; lastKnownFileType = sourcecode.c.objc; path = TimeTrackerTaskModel.m; sourceTree = "<group>"; };
		4A379B3F28E0381A00785CAE /* UIColor+MirrorColor.h */ = {isa = PBXFileReference; lastKnownFileType = sourcecode.c.h; path = "UIColor+MirrorColor.h"; sourceTree = "<group>"; };
		4A379B4028E0381A00785CAE /* UIColor+MirrorColor.m */ = {isa = PBXFileReference; lastKnownFileType = sourcecode.c.objc; path = "UIColor+MirrorColor.m"; sourceTree = "<group>"; };
		4A379B4228E03D0B00785CAE /* TabbarControllerGenerater.h */ = {isa = PBXFileReference; lastKnownFileType = sourcecode.c.h; path = TabbarControllerGenerater.h; sourceTree = "<group>"; };
		4A379B4328E03D0B00785CAE /* TabbarControllerGenerater.m */ = {isa = PBXFileReference; lastKnownFileType = sourcecode.c.objc; path = TabbarControllerGenerater.m; sourceTree = "<group>"; };
		4A379B4528E2F33B00785CAE /* MirrorLanguage.h */ = {isa = PBXFileReference; lastKnownFileType = sourcecode.c.h; path = MirrorLanguage.h; sourceTree = "<group>"; };
		4A379B4628E2F33B00785CAE /* MirrorLanguage.m */ = {isa = PBXFileReference; lastKnownFileType = sourcecode.c.objc; path = MirrorLanguage.m; sourceTree = "<group>"; };
		4A379B4928E2F73A00785CAE /* MirrorDefaultDataManager.h */ = {isa = PBXFileReference; lastKnownFileType = sourcecode.c.h; path = MirrorDefaultDataManager.h; sourceTree = "<group>"; };
		4A379B4A28E2F73A00785CAE /* MirrorDefaultDataManager.m */ = {isa = PBXFileReference; lastKnownFileType = sourcecode.c.objc; path = MirrorDefaultDataManager.m; sourceTree = "<group>"; };
		4A379B5228E31BD200785CAE /* MirrorMacro.h */ = {isa = PBXFileReference; lastKnownFileType = sourcecode.c.h; path = MirrorMacro.h; sourceTree = "<group>"; };
		4A379B5328E31BD200785CAE /* MirrorMacro.m */ = {isa = PBXFileReference; lastKnownFileType = sourcecode.c.objc; path = MirrorMacro.m; sourceTree = "<group>"; };
		4AE4171728DF613D008A6A18 /* TimeTrackerViewController.h */ = {isa = PBXFileReference; lastKnownFileType = sourcecode.c.h; path = TimeTrackerViewController.h; sourceTree = "<group>"; };
		4AE4171828DF613D008A6A18 /* TimeTrackerViewController.m */ = {isa = PBXFileReference; lastKnownFileType = sourcecode.c.objc; path = TimeTrackerViewController.m; sourceTree = "<group>"; };
		4AE4171A28DF614A008A6A18 /* HistoryViewController.h */ = {isa = PBXFileReference; lastKnownFileType = sourcecode.c.h; path = HistoryViewController.h; sourceTree = "<group>"; };
		4AE4171B28DF614A008A6A18 /* HistoryViewController.m */ = {isa = PBXFileReference; lastKnownFileType = sourcecode.c.objc; path = HistoryViewController.m; sourceTree = "<group>"; };
		4AE4171D28DF6155008A6A18 /* ProfileViewController.h */ = {isa = PBXFileReference; lastKnownFileType = sourcecode.c.h; path = ProfileViewController.h; sourceTree = "<group>"; };
		4AE4171E28DF6155008A6A18 /* ProfileViewController.m */ = {isa = PBXFileReference; lastKnownFileType = sourcecode.c.objc; path = ProfileViewController.m; sourceTree = "<group>"; };
		4AFB779D28DF4A380064CBCA /* Mirror.app */ = {isa = PBXFileReference; explicitFileType = wrapper.application; includeInIndex = 0; path = Mirror.app; sourceTree = BUILT_PRODUCTS_DIR; };
		4AFB77A028DF4A380064CBCA /* AppDelegate.h */ = {isa = PBXFileReference; lastKnownFileType = sourcecode.c.h; path = AppDelegate.h; sourceTree = "<group>"; };
		4AFB77A128DF4A380064CBCA /* AppDelegate.m */ = {isa = PBXFileReference; lastKnownFileType = sourcecode.c.objc; path = AppDelegate.m; sourceTree = "<group>"; };
		4AFB77A328DF4A380064CBCA /* SceneDelegate.h */ = {isa = PBXFileReference; lastKnownFileType = sourcecode.c.h; path = SceneDelegate.h; sourceTree = "<group>"; };
		4AFB77A428DF4A380064CBCA /* SceneDelegate.m */ = {isa = PBXFileReference; lastKnownFileType = sourcecode.c.objc; path = SceneDelegate.m; sourceTree = "<group>"; };
		4AFB77AC28DF4A3B0064CBCA /* Assets.xcassets */ = {isa = PBXFileReference; lastKnownFileType = folder.assetcatalog; path = Assets.xcassets; sourceTree = "<group>"; };
		4AFB77B128DF4A3B0064CBCA /* Info.plist */ = {isa = PBXFileReference; lastKnownFileType = text.plist.xml; path = Info.plist; sourceTree = "<group>"; };
		4AFB77B228DF4A3B0064CBCA /* main.m */ = {isa = PBXFileReference; lastKnownFileType = sourcecode.c.objc; path = main.m; sourceTree = "<group>"; };
		7D92DFFBA0C7141AB1910C6F /* Pods_Mirror.framework */ = {isa = PBXFileReference; explicitFileType = wrapper.framework; includeInIndex = 0; path = Pods_Mirror.framework; sourceTree = BUILT_PRODUCTS_DIR; };
		BCE97AF04F189BBAB1043B98 /* Pods-Mirror.release.xcconfig */ = {isa = PBXFileReference; includeInIndex = 1; lastKnownFileType = text.xcconfig; name = "Pods-Mirror.release.xcconfig"; path = "Target Support Files/Pods-Mirror/Pods-Mirror.release.xcconfig"; sourceTree = "<group>"; };
		FFB541C46D21D3EBC8327409 /* Pods-Mirror.debug.xcconfig */ = {isa = PBXFileReference; includeInIndex = 1; lastKnownFileType = text.xcconfig; name = "Pods-Mirror.debug.xcconfig"; path = "Target Support Files/Pods-Mirror/Pods-Mirror.debug.xcconfig"; sourceTree = "<group>"; };
/* End PBXFileReference section */

/* Begin PBXFrameworksBuildPhase section */
		4AFB779A28DF4A380064CBCA /* Frameworks */ = {
			isa = PBXFrameworksBuildPhase;
			buildActionMask = 2147483647;
			files = (
				863C4586B60A413E3A3FA00B /* Pods_Mirror.framework in Frameworks */,
			);
			runOnlyForDeploymentPostprocessing = 0;
		};
/* End PBXFrameworksBuildPhase section */

/* Begin PBXGroup section */
		28A8007B0861D9C4CF702272 /* Pods */ = {
			isa = PBXGroup;
			children = (
				FFB541C46D21D3EBC8327409 /* Pods-Mirror.debug.xcconfig */,
				BCE97AF04F189BBAB1043B98 /* Pods-Mirror.release.xcconfig */,
			);
			path = Pods;
			sourceTree = "<group>";
		};
		4A379B3928E0340600785CAE /* MirrorSetups */ = {
			isa = PBXGroup;
			children = (
				4AFB77B228DF4A3B0064CBCA /* main.m */,
				4AFB77A028DF4A380064CBCA /* AppDelegate.h */,
				4AFB77A128DF4A380064CBCA /* AppDelegate.m */,
				4AFB77A328DF4A380064CBCA /* SceneDelegate.h */,
				4AFB77A428DF4A380064CBCA /* SceneDelegate.m */,
				4A379B4228E03D0B00785CAE /* TabbarControllerGenerater.h */,
				4A379B4328E03D0B00785CAE /* TabbarControllerGenerater.m */,
			);
			path = MirrorSetups;
			sourceTree = "<group>";
		};
		4A379B3B28E0370400785CAE /* MirrorTimeTracker */ = {
			isa = PBXGroup;
			children = (
				4AE4171728DF613D008A6A18 /* TimeTrackerViewController.h */,
				4AE4171828DF613D008A6A18 /* TimeTrackerViewController.m */,
				015564DC28E1A32E008AB06C /* TimeTrackerDataManager.h */,
				015564DD28E1A32E008AB06C /* TimeTrackerDataManager.m */,
				015564E228E1A78E008AB06C /* TimeTrackerTaskCollectionViewCell.h */,
				015564E328E1A78E008AB06C /* TimeTrackerTaskCollectionViewCell.m */,
				015564E528E1A884008AB06C /* TimeTrackerTaskModel.h */,
				015564E628E1A884008AB06C /* TimeTrackerTaskModel.m */,
			);
			path = MirrorTimeTracker;
			sourceTree = "<group>";
		};
		4A379B3C28E0371700785CAE /* MirrorHistory */ = {
			isa = PBXGroup;
			children = (
				4AE4171A28DF614A008A6A18 /* HistoryViewController.h */,
				4AE4171B28DF614A008A6A18 /* HistoryViewController.m */,
			);
			path = MirrorHistory;
			sourceTree = "<group>";
		};
		4A379B3D28E0372700785CAE /* MirrorProfile */ = {
			isa = PBXGroup;
			children = (
				4AE4171D28DF6155008A6A18 /* ProfileViewController.h */,
				4AE4171E28DF6155008A6A18 /* ProfileViewController.m */,
			);
			path = MirrorProfile;
			sourceTree = "<group>";
		};
		4A379B3E28E0379E00785CAE /* MirrorCustomize */ = {
			isa = PBXGroup;
			children = (
				4A379B3F28E0381A00785CAE /* UIColor+MirrorColor.h */,
				4A379B4028E0381A00785CAE /* UIColor+MirrorColor.m */,
				4A379B4528E2F33B00785CAE /* MirrorLanguage.h */,
				4A379B4628E2F33B00785CAE /* MirrorLanguage.m */,
				4A379B4928E2F73A00785CAE /* MirrorDefaultDataManager.h */,
				4A379B4A28E2F73A00785CAE /* MirrorDefaultDataManager.m */,
				4A379B5228E31BD200785CAE /* MirrorMacro.h */,
				4A379B5328E31BD200785CAE /* MirrorMacro.m */,
			);
			path = MirrorCustomize;
			sourceTree = "<group>";
		};
		4AFB779428DF4A380064CBCA = {
			isa = PBXGroup;
			children = (
				4AFB779F28DF4A380064CBCA /* Mirror */,
				4AFB779E28DF4A380064CBCA /* Products */,
				28A8007B0861D9C4CF702272 /* Pods */,
				F9B0C7CCC00DFAFF4ADCBE2F /* Frameworks */,
			);
			sourceTree = "<group>";
		};
		4AFB779E28DF4A380064CBCA /* Products */ = {
			isa = PBXGroup;
			children = (
				4AFB779D28DF4A380064CBCA /* Mirror.app */,
			);
			name = Products;
			sourceTree = "<group>";
		};
		4AFB779F28DF4A380064CBCA /* Mirror */ = {
			isa = PBXGroup;
			children = (
				4AFB77B128DF4A3B0064CBCA /* Info.plist */,
				4AFB77AC28DF4A3B0064CBCA /* Assets.xcassets */,
				4A379B3E28E0379E00785CAE /* MirrorCustomize */,
				4A379B3928E0340600785CAE /* MirrorSetups */,
				4A379B3B28E0370400785CAE /* MirrorTimeTracker */,
				4A379B3C28E0371700785CAE /* MirrorHistory */,
				4A379B3D28E0372700785CAE /* MirrorProfile */,
			);
			path = Mirror;
			sourceTree = "<group>";
		};
		F9B0C7CCC00DFAFF4ADCBE2F /* Frameworks */ = {
			isa = PBXGroup;
			children = (
				7D92DFFBA0C7141AB1910C6F /* Pods_Mirror.framework */,
			);
			name = Frameworks;
			sourceTree = "<group>";
		};
/* End PBXGroup section */

/* Begin PBXNativeTarget section */
		4AFB779C28DF4A380064CBCA /* Mirror */ = {
			isa = PBXNativeTarget;
			buildConfigurationList = 4AFB77B628DF4A3B0064CBCA /* Build configuration list for PBXNativeTarget "Mirror" */;
			buildPhases = (
				E5BCFE3D5A5A0B193346F52B /* [CP] Check Pods Manifest.lock */,
				4AFB779928DF4A380064CBCA /* Sources */,
				4AFB779A28DF4A380064CBCA /* Frameworks */,
				4AFB779B28DF4A380064CBCA /* Resources */,
				52E4E382364126EE8084D210 /* [CP] Embed Pods Frameworks */,
			);
			buildRules = (
			);
			dependencies = (
			);
			name = Mirror;
			productName = Mirror;
			productReference = 4AFB779D28DF4A380064CBCA /* Mirror.app */;
			productType = "com.apple.product-type.application";
		};
/* End PBXNativeTarget section */

/* Begin PBXProject section */
		4AFB779528DF4A380064CBCA /* Project object */ = {
			isa = PBXProject;
			attributes = {
				LastUpgradeCheck = 1250;
				TargetAttributes = {
					4AFB779C28DF4A380064CBCA = {
						CreatedOnToolsVersion = 12.5.1;
					};
				};
			};
			buildConfigurationList = 4AFB779828DF4A380064CBCA /* Build configuration list for PBXProject "Mirror" */;
			compatibilityVersion = "Xcode 9.3";
			developmentRegion = en;
			hasScannedForEncodings = 0;
			knownRegions = (
				en,
				Base,
			);
			mainGroup = 4AFB779428DF4A380064CBCA;
			productRefGroup = 4AFB779E28DF4A380064CBCA /* Products */;
			projectDirPath = "";
			projectRoot = "";
			targets = (
				4AFB779C28DF4A380064CBCA /* Mirror */,
			);
		};
/* End PBXProject section */

/* Begin PBXResourcesBuildPhase section */
		4AFB779B28DF4A380064CBCA /* Resources */ = {
			isa = PBXResourcesBuildPhase;
			buildActionMask = 2147483647;
			files = (
				4AFB77AD28DF4A3B0064CBCA /* Assets.xcassets in Resources */,
			);
			runOnlyForDeploymentPostprocessing = 0;
		};
/* End PBXResourcesBuildPhase section */

/* Begin PBXShellScriptBuildPhase section */
		52E4E382364126EE8084D210 /* [CP] Embed Pods Frameworks */ = {
			isa = PBXShellScriptBuildPhase;
			buildActionMask = 2147483647;
			files = (
			);
			inputFileListPaths = (
				"${PODS_ROOT}/Target Support Files/Pods-Mirror/Pods-Mirror-frameworks-${CONFIGURATION}-input-files.xcfilelist",
			);
			name = "[CP] Embed Pods Frameworks";
			outputFileListPaths = (
				"${PODS_ROOT}/Target Support Files/Pods-Mirror/Pods-Mirror-frameworks-${CONFIGURATION}-output-files.xcfilelist",
			);
			runOnlyForDeploymentPostprocessing = 0;
			shellPath = /bin/sh;
			shellScript = "\"${PODS_ROOT}/Target Support Files/Pods-Mirror/Pods-Mirror-frameworks.sh\"\n";
			showEnvVarsInLog = 0;
		};
		E5BCFE3D5A5A0B193346F52B /* [CP] Check Pods Manifest.lock */ = {
			isa = PBXShellScriptBuildPhase;
			buildActionMask = 2147483647;
			files = (
			);
			inputFileListPaths = (
			);
			inputPaths = (
				"${PODS_PODFILE_DIR_PATH}/Podfile.lock",
				"${PODS_ROOT}/Manifest.lock",
			);
			name = "[CP] Check Pods Manifest.lock";
			outputFileListPaths = (
			);
			outputPaths = (
				"$(DERIVED_FILE_DIR)/Pods-Mirror-checkManifestLockResult.txt",
			);
			runOnlyForDeploymentPostprocessing = 0;
			shellPath = /bin/sh;
			shellScript = "diff \"${PODS_PODFILE_DIR_PATH}/Podfile.lock\" \"${PODS_ROOT}/Manifest.lock\" > /dev/null\nif [ $? != 0 ] ; then\n    # print error to STDERR\n    echo \"error: The sandbox is not in sync with the Podfile.lock. Run 'pod install' or update your CocoaPods installation.\" >&2\n    exit 1\nfi\n# This output is used by Xcode 'outputs' to avoid re-running this script phase.\necho \"SUCCESS\" > \"${SCRIPT_OUTPUT_FILE_0}\"\n";
			showEnvVarsInLog = 0;
		};
/* End PBXShellScriptBuildPhase section */

/* Begin PBXSourcesBuildPhase section */
		4AFB779928DF4A380064CBCA /* Sources */ = {
			isa = PBXSourcesBuildPhase;
			buildActionMask = 2147483647;
			files = (
				4AE4171928DF613D008A6A18 /* TimeTrackerViewController.m in Sources */,
				4AFB77A228DF4A380064CBCA /* AppDelegate.m in Sources */,
				4AFB77B328DF4A3B0064CBCA /* main.m in Sources */,
				015564E728E1A884008AB06C /* TimeTrackerTaskModel.m in Sources */,
				4AE4171C28DF614A008A6A18 /* HistoryViewController.m in Sources */,
				4AE4171F28DF6155008A6A18 /* ProfileViewController.m in Sources */,
				4AFB77A528DF4A380064CBCA /* SceneDelegate.m in Sources */,
				4A379B4128E0381A00785CAE /* UIColor+MirrorColor.m in Sources */,
				4A379B4B28E2F73A00785CAE /* MirrorDefaultDataManager.m in Sources */,
				4A379B4428E03D0B00785CAE /* TabbarControllerGenerater.m in Sources */,
				015564E428E1A78E008AB06C /* TimeTrackerTaskCollectionViewCell.m in Sources */,
				4A379B5428E31BD200785CAE /* MirrorMacro.m in Sources */,
				4A379B4728E2F33C00785CAE /* MirrorLanguage.m in Sources */,
				015564DE28E1A32E008AB06C /* TimeTrackerDataManager.m in Sources */,
			);
			runOnlyForDeploymentPostprocessing = 0;
		};
/* End PBXSourcesBuildPhase section */

/* Begin XCBuildConfiguration section */
		4AFB77B428DF4A3B0064CBCA /* Debug */ = {
			isa = XCBuildConfiguration;
			buildSettings = {
				ALWAYS_SEARCH_USER_PATHS = NO;
				CLANG_ANALYZER_NONNULL = YES;
				CLANG_ANALYZER_NUMBER_OBJECT_CONVERSION = YES_AGGRESSIVE;
				CLANG_CXX_LANGUAGE_STANDARD = "gnu++14";
				CLANG_CXX_LIBRARY = "libc++";
				CLANG_ENABLE_MODULES = YES;
				CLANG_ENABLE_OBJC_ARC = YES;
				CLANG_ENABLE_OBJC_WEAK = YES;
				CLANG_WARN_BLOCK_CAPTURE_AUTORELEASING = YES;
				CLANG_WARN_BOOL_CONVERSION = YES;
				CLANG_WARN_COMMA = YES;
				CLANG_WARN_CONSTANT_CONVERSION = YES;
				CLANG_WARN_DEPRECATED_OBJC_IMPLEMENTATIONS = YES;
				CLANG_WARN_DIRECT_OBJC_ISA_USAGE = YES_ERROR;
				CLANG_WARN_DOCUMENTATION_COMMENTS = YES;
				CLANG_WARN_EMPTY_BODY = YES;
				CLANG_WARN_ENUM_CONVERSION = YES;
				CLANG_WARN_INFINITE_RECURSION = YES;
				CLANG_WARN_INT_CONVERSION = YES;
				CLANG_WARN_NON_LITERAL_NULL_CONVERSION = YES;
				CLANG_WARN_OBJC_IMPLICIT_RETAIN_SELF = YES;
				CLANG_WARN_OBJC_LITERAL_CONVERSION = YES;
				CLANG_WARN_OBJC_ROOT_CLASS = YES_ERROR;
				CLANG_WARN_QUOTED_INCLUDE_IN_FRAMEWORK_HEADER = YES;
				CLANG_WARN_RANGE_LOOP_ANALYSIS = YES;
				CLANG_WARN_STRICT_PROTOTYPES = YES;
				CLANG_WARN_SUSPICIOUS_MOVE = YES;
				CLANG_WARN_UNGUARDED_AVAILABILITY = YES_AGGRESSIVE;
				CLANG_WARN_UNREACHABLE_CODE = YES;
				CLANG_WARN__DUPLICATE_METHOD_MATCH = YES;
				COPY_PHASE_STRIP = NO;
				DEBUG_INFORMATION_FORMAT = dwarf;
				ENABLE_STRICT_OBJC_MSGSEND = YES;
				ENABLE_TESTABILITY = YES;
				GCC_C_LANGUAGE_STANDARD = gnu11;
				GCC_DYNAMIC_NO_PIC = NO;
				GCC_NO_COMMON_BLOCKS = YES;
				GCC_OPTIMIZATION_LEVEL = 0;
				GCC_PREPROCESSOR_DEFINITIONS = (
					"DEBUG=1",
					"$(inherited)",
				);
				GCC_WARN_64_TO_32_BIT_CONVERSION = YES;
				GCC_WARN_ABOUT_RETURN_TYPE = YES_ERROR;
				GCC_WARN_UNDECLARED_SELECTOR = YES;
				GCC_WARN_UNINITIALIZED_AUTOS = YES_AGGRESSIVE;
				GCC_WARN_UNUSED_FUNCTION = YES;
				GCC_WARN_UNUSED_VARIABLE = YES;
				IPHONEOS_DEPLOYMENT_TARGET = 14.5;
				MTL_ENABLE_DEBUG_INFO = INCLUDE_SOURCE;
				MTL_FAST_MATH = YES;
				ONLY_ACTIVE_ARCH = YES;
				SDKROOT = iphoneos;
			};
			name = Debug;
		};
		4AFB77B528DF4A3B0064CBCA /* Release */ = {
			isa = XCBuildConfiguration;
			buildSettings = {
				ALWAYS_SEARCH_USER_PATHS = NO;
				CLANG_ANALYZER_NONNULL = YES;
				CLANG_ANALYZER_NUMBER_OBJECT_CONVERSION = YES_AGGRESSIVE;
				CLANG_CXX_LANGUAGE_STANDARD = "gnu++14";
				CLANG_CXX_LIBRARY = "libc++";
				CLANG_ENABLE_MODULES = YES;
				CLANG_ENABLE_OBJC_ARC = YES;
				CLANG_ENABLE_OBJC_WEAK = YES;
				CLANG_WARN_BLOCK_CAPTURE_AUTORELEASING = YES;
				CLANG_WARN_BOOL_CONVERSION = YES;
				CLANG_WARN_COMMA = YES;
				CLANG_WARN_CONSTANT_CONVERSION = YES;
				CLANG_WARN_DEPRECATED_OBJC_IMPLEMENTATIONS = YES;
				CLANG_WARN_DIRECT_OBJC_ISA_USAGE = YES_ERROR;
				CLANG_WARN_DOCUMENTATION_COMMENTS = YES;
				CLANG_WARN_EMPTY_BODY = YES;
				CLANG_WARN_ENUM_CONVERSION = YES;
				CLANG_WARN_INFINITE_RECURSION = YES;
				CLANG_WARN_INT_CONVERSION = YES;
				CLANG_WARN_NON_LITERAL_NULL_CONVERSION = YES;
				CLANG_WARN_OBJC_IMPLICIT_RETAIN_SELF = YES;
				CLANG_WARN_OBJC_LITERAL_CONVERSION = YES;
				CLANG_WARN_OBJC_ROOT_CLASS = YES_ERROR;
				CLANG_WARN_QUOTED_INCLUDE_IN_FRAMEWORK_HEADER = YES;
				CLANG_WARN_RANGE_LOOP_ANALYSIS = YES;
				CLANG_WARN_STRICT_PROTOTYPES = YES;
				CLANG_WARN_SUSPICIOUS_MOVE = YES;
				CLANG_WARN_UNGUARDED_AVAILABILITY = YES_AGGRESSIVE;
				CLANG_WARN_UNREACHABLE_CODE = YES;
				CLANG_WARN__DUPLICATE_METHOD_MATCH = YES;
				COPY_PHASE_STRIP = NO;
				DEBUG_INFORMATION_FORMAT = "dwarf-with-dsym";
				ENABLE_NS_ASSERTIONS = NO;
				ENABLE_STRICT_OBJC_MSGSEND = YES;
				GCC_C_LANGUAGE_STANDARD = gnu11;
				GCC_NO_COMMON_BLOCKS = YES;
				GCC_WARN_64_TO_32_BIT_CONVERSION = YES;
				GCC_WARN_ABOUT_RETURN_TYPE = YES_ERROR;
				GCC_WARN_UNDECLARED_SELECTOR = YES;
				GCC_WARN_UNINITIALIZED_AUTOS = YES_AGGRESSIVE;
				GCC_WARN_UNUSED_FUNCTION = YES;
				GCC_WARN_UNUSED_VARIABLE = YES;
				IPHONEOS_DEPLOYMENT_TARGET = 14.5;
				MTL_ENABLE_DEBUG_INFO = NO;
				MTL_FAST_MATH = YES;
				SDKROOT = iphoneos;
				VALIDATE_PRODUCT = YES;
			};
			name = Release;
		};
		4AFB77B728DF4A3B0064CBCA /* Debug */ = {
			isa = XCBuildConfiguration;
			baseConfigurationReference = FFB541C46D21D3EBC8327409 /* Pods-Mirror.debug.xcconfig */;
			buildSettings = {
				ASSETCATALOG_COMPILER_APPICON_NAME = AppIcon;
				ASSETCATALOG_COMPILER_GLOBAL_ACCENT_COLOR_NAME = AccentColor;
				CODE_SIGN_STYLE = Automatic;
				DEVELOPMENT_TEAM = UJ88QM73VP;
				INFOPLIST_FILE = Mirror/Info.plist;
				LD_RUNPATH_SEARCH_PATHS = (
					"$(inherited)",
					"@executable_path/Frameworks",
				);
				PRODUCT_BUNDLE_IDENTIFIER = com.rachel.wangyuqing.Mirror;
				PRODUCT_NAME = "$(TARGET_NAME)";
				TARGETED_DEVICE_FAMILY = "1,2";
			};
			name = Debug;
		};
		4AFB77B828DF4A3B0064CBCA /* Release */ = {
			isa = XCBuildConfiguration;
			baseConfigurationReference = BCE97AF04F189BBAB1043B98 /* Pods-Mirror.release.xcconfig */;
			buildSettings = {
				ASSETCATALOG_COMPILER_APPICON_NAME = AppIcon;
				ASSETCATALOG_COMPILER_GLOBAL_ACCENT_COLOR_NAME = AccentColor;
				CODE_SIGN_STYLE = Automatic;
				DEVELOPMENT_TEAM = UJ88QM73VP;
				INFOPLIST_FILE = Mirror/Info.plist;
				LD_RUNPATH_SEARCH_PATHS = (
					"$(inherited)",
					"@executable_path/Frameworks",
				);
				PRODUCT_BUNDLE_IDENTIFIER = com.rachel.wangyuqing.Mirror;
				PRODUCT_NAME = "$(TARGET_NAME)";
				TARGETED_DEVICE_FAMILY = "1,2";
			};
			name = Release;
		};
/* End XCBuildConfiguration section */

/* Begin XCConfigurationList section */
		4AFB779828DF4A380064CBCA /* Build configuration list for PBXProject "Mirror" */ = {
			isa = XCConfigurationList;
			buildConfigurations = (
				4AFB77B428DF4A3B0064CBCA /* Debug */,
				4AFB77B528DF4A3B0064CBCA /* Release */,
			);
			defaultConfigurationIsVisible = 0;
			defaultConfigurationName = Release;
		};
		4AFB77B628DF4A3B0064CBCA /* Build configuration list for PBXNativeTarget "Mirror" */ = {
			isa = XCConfigurationList;
			buildConfigurations = (
				4AFB77B728DF4A3B0064CBCA /* Debug */,
				4AFB77B828DF4A3B0064CBCA /* Release */,
			);
			defaultConfigurationIsVisible = 0;
			defaultConfigurationName = Release;
		};
/* End XCConfigurationList section */
	};
	rootObject = 4AFB779528DF4A380064CBCA /* Project object */;
}
